// !$*UTF8*$!
{
	archiveVersion = 1;
	classes = {
	};
	objectVersion = 48;
	objects = {

/* Begin PBXBuildFile section */
		000D13D220E3789D0022183F /* main.cpp in Sources */ = {isa = PBXBuildFile; fileRef = 000D13D120E3789D0022183F /* main.cpp */; };
		000D13DB20E378CE0022183F /* General_functions.cpp in Sources */ = {isa = PBXBuildFile; fileRef = 000D13D920E378CE0022183F /* General_functions.cpp */; };
		000D13DD20E378F60022183F /* Membrane_normal_direction_identifier.cpp in Sources */ = {isa = PBXBuildFile; fileRef = 000D13DC20E378F60022183F /* Membrane_normal_direction_identifier.cpp */; };
		000D13DF20E379080022183F /* Membrane_read_functions.cpp in Sources */ = {isa = PBXBuildFile; fileRef = 000D13DE20E379080022183F /* Membrane_read_functions.cpp */; };
/* End PBXBuildFile section */

/* Begin PBXCopyFilesBuildPhase section */
		000D13CC20E3789D0022183F /* CopyFiles */ = {
			isa = PBXCopyFilesBuildPhase;
			buildActionMask = 2147483647;
			dstPath = /usr/share/man/man1/;
			dstSubfolderSpec = 0;
			files = (
			);
			runOnlyForDeploymentPostprocessing = 1;
		};
/* End PBXCopyFilesBuildPhase section */

/* Begin PBXFileReference section */
		000D13CE20E3789D0022183F /* Membrane_OBJ */ = {isa = PBXFileReference; explicitFileType = "compiled.mach-o.executable"; includeInIndex = 0; path = Membrane_OBJ; sourceTree = BUILT_PRODUCTS_DIR; };
		000D13D120E3789D0022183F /* main.cpp */ = {isa = PBXFileReference; lastKnownFileType = sourcecode.cpp.cpp; path = main.cpp; sourceTree = "<group>"; };
		000D13D820E378B10022183F /* General_constants.h */ = {isa = PBXFileReference; lastKnownFileType = sourcecode.c.h; path = General_constants.h; sourceTree = "<group>"; };
		000D13D920E378CE0022183F /* General_functions.cpp */ = {isa = PBXFileReference; lastKnownFileType = sourcecode.cpp.cpp; path = General_functions.cpp; sourceTree = "<group>"; };
		000D13DA20E378CE0022183F /* General_functions.hpp */ = {isa = PBXFileReference; lastKnownFileType = sourcecode.cpp.h; path = General_functions.hpp; sourceTree = "<group>"; };
		000D13DC20E378F60022183F /* Membrane_normal_direction_identifier.cpp */ = {isa = PBXFileReference; lastKnownFileType = sourcecode.cpp.cpp; path = Membrane_normal_direction_identifier.cpp; sourceTree = "<group>"; };
		000D13DE20E379080022183F /* Membrane_read_functions.cpp */ = {isa = PBXFileReference; lastKnownFileType = sourcecode.cpp.cpp; path = Membrane_read_functions.cpp; sourceTree = "<group>"; };
		000D13E020E379170022183F /* Membrane.h */ = {isa = PBXFileReference; lastKnownFileType = sourcecode.c.h; path = Membrane.h; sourceTree = "<group>"; };
/* End PBXFileReference section */

/* Begin PBXFrameworksBuildPhase section */
		000D13CB20E3789D0022183F /* Frameworks */ = {
			isa = PBXFrameworksBuildPhase;
			buildActionMask = 2147483647;
			files = (
			);
			runOnlyForDeploymentPostprocessing = 0;
		};
/* End PBXFrameworksBuildPhase section */

/* Begin PBXGroup section */
		000D13C520E3789D0022183F = {
			isa = PBXGroup;
			children = (
				000D13D020E3789D0022183F /* Membrane_OBJ */,
				000D13CF20E3789D0022183F /* Products */,
			);
			sourceTree = "<group>";
		};
		000D13CF20E3789D0022183F /* Products */ = {
			isa = PBXGroup;
			children = (
				000D13CE20E3789D0022183F /* Membrane_OBJ */,
			);
			name = Products;
			sourceTree = "<group>";
		};
		000D13D020E3789D0022183F /* Membrane_OBJ */ = {
			isa = PBXGroup;
			children = (
				000D13D120E3789D0022183F /* main.cpp */,
				000D13DC20E378F60022183F /* Membrane_normal_direction_identifier.cpp */,
				000D13DE20E379080022183F /* Membrane_read_functions.cpp */,
				000D13E020E379170022183F /* Membrane.h */,
				000D13D820E378B10022183F /* General_constants.h */,
				000D13D920E378CE0022183F /* General_functions.cpp */,
				000D13DA20E378CE0022183F /* General_functions.hpp */,
			);
			path = Membrane_OBJ;
			sourceTree = "<group>";
		};
/* End PBXGroup section */

/* Begin PBXNativeTarget section */
		000D13CD20E3789D0022183F /* Membrane_OBJ */ = {
			isa = PBXNativeTarget;
			buildConfigurationList = 000D13D520E3789D0022183F /* Build configuration list for PBXNativeTarget "Membrane_OBJ" */;
			buildPhases = (
				000D13CA20E3789D0022183F /* Sources */,
				000D13CB20E3789D0022183F /* Frameworks */,
				000D13CC20E3789D0022183F /* CopyFiles */,
			);
			buildRules = (
			);
			dependencies = (
			);
			name = Membrane_OBJ;
			productName = Membrane_OBJ;
			productReference = 000D13CE20E3789D0022183F /* Membrane_OBJ */;
			productType = "com.apple.product-type.tool";
		};
/* End PBXNativeTarget section */

/* Begin PBXProject section */
		000D13C620E3789D0022183F /* Project object */ = {
			isa = PBXProject;
			attributes = {
				LastUpgradeCheck = 0900;
				ORGANIZATIONNAME = "Ali Farnudi";
				TargetAttributes = {
					000D13CD20E3789D0022183F = {
						CreatedOnToolsVersion = 9.0;
						ProvisioningStyle = Automatic;
					};
				};
			};
			buildConfigurationList = 000D13C920E3789D0022183F /* Build configuration list for PBXProject "Membrane_OBJ" */;
			compatibilityVersion = "Xcode 8.0";
			developmentRegion = en;
			hasScannedForEncodings = 0;
			knownRegions = (
				en,
			);
			mainGroup = 000D13C520E3789D0022183F;
			productRefGroup = 000D13CF20E3789D0022183F /* Products */;
			projectDirPath = "";
			projectRoot = "";
			targets = (
				000D13CD20E3789D0022183F /* Membrane_OBJ */,
			);
		};
/* End PBXProject section */

/* Begin PBXSourcesBuildPhase section */
		000D13CA20E3789D0022183F /* Sources */ = {
			isa = PBXSourcesBuildPhase;
			buildActionMask = 2147483647;
			files = (
				000D13DD20E378F60022183F /* Membrane_normal_direction_identifier.cpp in Sources */,
				000D13DB20E378CE0022183F /* General_functions.cpp in Sources */,
				000D13DF20E379080022183F /* Membrane_read_functions.cpp in Sources */,
				000D13D220E3789D0022183F /* main.cpp in Sources */,
			);
			runOnlyForDeploymentPostprocessing = 0;
		};
/* End PBXSourcesBuildPhase section */

/* Begin XCBuildConfiguration section */
		000D13D320E3789D0022183F /* Debug */ = {
			isa = XCBuildConfiguration;
			buildSettings = {
				ALWAYS_SEARCH_USER_PATHS = NO;
				CLANG_ANALYZER_NONNULL = YES;
				CLANG_ANALYZER_NUMBER_OBJECT_CONVERSION = YES_AGGRESSIVE;
				CLANG_CXX_LANGUAGE_STANDARD = "gnu++14";
				CLANG_CXX_LIBRARY = "libc++";
				CLANG_ENABLE_MODULES = YES;
				CLANG_ENABLE_OBJC_ARC = YES;
				CLANG_WARN_BLOCK_CAPTURE_AUTORELEASING = YES;
				CLANG_WARN_BOOL_CONVERSION = YES;
				CLANG_WARN_COMMA = YES;
				CLANG_WARN_CONSTANT_CONVERSION = YES;
				CLANG_WARN_DIRECT_OBJC_ISA_USAGE = YES_ERROR;
				CLANG_WARN_DOCUMENTATION_COMMENTS = YES;
				CLANG_WARN_EMPTY_BODY = YES;
				CLANG_WARN_ENUM_CONVERSION = YES;
				CLANG_WARN_INFINITE_RECURSION = YES;
				CLANG_WARN_INT_CONVERSION = YES;
				CLANG_WARN_NON_LITERAL_NULL_CONVERSION = YES;
				CLANG_WARN_OBJC_LITERAL_CONVERSION = YES;
				CLANG_WARN_OBJC_ROOT_CLASS = YES_ERROR;
				CLANG_WARN_RANGE_LOOP_ANALYSIS = YES;
				CLANG_WARN_STRICT_PROTOTYPES = YES;
				CLANG_WARN_SUSPICIOUS_MOVE = YES;
				CLANG_WARN_UNGUARDED_AVAILABILITY = YES_AGGRESSIVE;
				CLANG_WARN_UNREACHABLE_CODE = YES;
				CLANG_WARN__DUPLICATE_METHOD_MATCH = YES;
				CODE_SIGN_IDENTITY = "-";
				COPY_PHASE_STRIP = NO;
				DEBUG_INFORMATION_FORMAT = dwarf;
				ENABLE_STRICT_OBJC_MSGSEND = YES;
				ENABLE_TESTABILITY = YES;
				GCC_C_LANGUAGE_STANDARD = gnu11;
				GCC_DYNAMIC_NO_PIC = NO;
				GCC_NO_COMMON_BLOCKS = YES;
				GCC_OPTIMIZATION_LEVEL = 0;
				GCC_PREPROCESSOR_DEFINITIONS = (
					"DEBUG=1",
					"$(inherited)",
				);
				GCC_WARN_64_TO_32_BIT_CONVERSION = YES;
				GCC_WARN_ABOUT_RETURN_TYPE = YES_ERROR;
				GCC_WARN_UNDECLARED_SELECTOR = YES;
				GCC_WARN_UNINITIALIZED_AUTOS = YES_AGGRESSIVE;
				GCC_WARN_UNUSED_FUNCTION = YES;
				GCC_WARN_UNUSED_VARIABLE = YES;
				MACOSX_DEPLOYMENT_TARGET = 10.13;
				MTL_ENABLE_DEBUG_INFO = YES;
				ONLY_ACTIVE_ARCH = YES;
				SDKROOT = macosx;
			};
			name = Debug;
		};
		000D13D420E3789D0022183F /* Release */ = {
			isa = XCBuildConfiguration;
			buildSettings = {
				ALWAYS_SEARCH_USER_PATHS = NO;
				CLANG_ANALYZER_NONNULL = YES;
				CLANG_ANALYZER_NUMBER_OBJECT_CONVERSION = YES_AGGRESSIVE;
				CLANG_CXX_LANGUAGE_STANDARD = "gnu++14";
				CLANG_CXX_LIBRARY = "libc++";
				CLANG_ENABLE_MODULES = YES;
				CLANG_ENABLE_OBJC_ARC = YES;
				CLANG_WARN_BLOCK_CAPTURE_AUTORELEASING = YES;
				CLANG_WARN_BOOL_CONVERSION = YES;
				CLANG_WARN_COMMA = YES;
				CLANG_WARN_CONSTANT_CONVERSION = YES;
				CLANG_WARN_DIRECT_OBJC_ISA_USAGE = YES_ERROR;
				CLANG_WARN_DOCUMENTATION_COMMENTS = YES;
				CLANG_WARN_EMPTY_BODY = YES;
				CLANG_WARN_ENUM_CONVERSION = YES;
				CLANG_WARN_INFINITE_RECURSION = YES;
				CLANG_WARN_INT_CONVERSION = YES;
				CLANG_WARN_NON_LITERAL_NULL_CONVERSION = YES;
				CLANG_WARN_OBJC_LITERAL_CONVERSION = YES;
				CLANG_WARN_OBJC_ROOT_CLASS = YES_ERROR;
				CLANG_WARN_RANGE_LOOP_ANALYSIS = YES;
				CLANG_WARN_STRICT_PROTOTYPES = YES;
				CLANG_WARN_SUSPICIOUS_MOVE = YES;
				CLANG_WARN_UNGUARDED_AVAILABILITY = YES_AGGRESSIVE;
				CLANG_WARN_UNREACHABLE_CODE = YES;
				CLANG_WARN__DUPLICATE_METHOD_MATCH = YES;
				CODE_SIGN_IDENTITY = "-";
				COPY_PHASE_STRIP = NO;
				DEBUG_INFORMATION_FORMAT = "dwarf-with-dsym";
				ENABLE_NS_ASSERTIONS = NO;
				ENABLE_STRICT_OBJC_MSGSEND = YES;
				GCC_C_LANGUAGE_STANDARD = gnu11;
				GCC_NO_COMMON_BLOCKS = YES;
				GCC_WARN_64_TO_32_BIT_CONVERSION = YES;
				GCC_WARN_ABOUT_RETURN_TYPE = YES_ERROR;
				GCC_WARN_UNDECLARED_SELECTOR = YES;
				GCC_WARN_UNINITIALIZED_AUTOS = YES_AGGRESSIVE;
				GCC_WARN_UNUSED_FUNCTION = YES;
				GCC_WARN_UNUSED_VARIABLE = YES;
				MACOSX_DEPLOYMENT_TARGET = 10.13;
				MTL_ENABLE_DEBUG_INFO = NO;
				SDKROOT = macosx;
			};
			name = Release;
		};
		000D13D620E3789D0022183F /* Debug */ = {
			isa = XCBuildConfiguration;
			buildSettings = {
				CODE_SIGN_STYLE = Automatic;
				GCC_OPTIMIZATION_LEVEL = 2;
				PRODUCT_NAME = "$(TARGET_NAME)";
			};
			name = Debug;
		};
		000D13D720E3789D0022183F /* Release */ = {
			isa = XCBuildConfiguration;
			buildSettings = {
				CODE_SIGN_STYLE = Automatic;
				PRODUCT_NAME = "$(TARGET_NAME)";
			};
			name = Release;
		};
/* End XCBuildConfiguration section */

/* Begin XCConfigurationList section */
		000D13C920E3789D0022183F /* Build configuration list for PBXProject "Membrane_OBJ" */ = {
			isa = XCConfigurationList;
			buildConfigurations = (
				000D13D320E3789D0022183F /* Debug */,
				000D13D420E3789D0022183F /* Release */,
			);
			defaultConfigurationIsVisible = 0;
			defaultConfigurationName = Release;
		};
		000D13D520E3789D0022183F /* Build configuration list for PBXNativeTarget "Membrane_OBJ" */ = {
			isa = XCConfigurationList;
			buildConfigurations = (
				000D13D620E3789D0022183F /* Debug */,
				000D13D720E3789D0022183F /* Release */,
			);
			defaultConfigurationIsVisible = 0;
			defaultConfigurationName = Release;
		};
/* End XCConfigurationList section */
	};
	rootObject = 000D13C620E3789D0022183F /* Project object */;
}
