// !$*UTF8*$!
{
	archiveVersion = 1;
	classes = {
	};
	objectVersion = 50;
	objects = {

/* Begin PBXBuildFile section */
		0014A4FC218B634F00D2011A /* map_constructors.cpp in Sources */ = {isa = PBXBuildFile; fileRef = 0014A4FB218B634E00D2011A /* map_constructors.cpp */; };
		0028D1E622A2E0C800F4EE7E /* Membrane_Particle_interaction.cpp in Sources */ = {isa = PBXBuildFile; fileRef = 0028D1E522A2E0C800F4EE7E /* Membrane_Particle_interaction.cpp */; };
		003E026122285718009E9648 /* Actin_config.cpp in Sources */ = {isa = PBXBuildFile; fileRef = 003E026022285718009E9648 /* Actin_config.cpp */; };
		003E026322285A3A009E9648 /* Actin_read_functions.cpp in Sources */ = {isa = PBXBuildFile; fileRef = 003E026222285A3A009E9648 /* Actin_read_functions.cpp */; };
		003E02652229416A009E9648 /* Initialise.cpp in Sources */ = {isa = PBXBuildFile; fileRef = 003E02642229416A009E9648 /* Initialise.cpp */; };
		003E02672229494A009E9648 /* Actin_node_pair_identifier.cpp in Sources */ = {isa = PBXBuildFile; fileRef = 003E02662229494A009E9648 /* Actin_node_pair_identifier.cpp */; };
		003E0269222967D1009E9648 /* Actin_Node_Bond_relaxed_length_initialiser.cpp in Sources */ = {isa = PBXBuildFile; fileRef = 003E0268222967D1009E9648 /* Actin_Node_Bond_relaxed_length_initialiser.cpp */; };
		003E026C22296AF3009E9648 /* Membrane_Actin_shared_Node_Identifier.cpp in Sources */ = {isa = PBXBuildFile; fileRef = 003E026B22296AF3009E9648 /* Membrane_Actin_shared_Node_Identifier.cpp */; };
		003E0270222A857A009E9648 /* Elastic_Force_Calculator.cpp in Sources */ = {isa = PBXBuildFile; fileRef = 003E026F222A857A009E9648 /* Elastic_Force_Calculator.cpp */; };
		003E0272222A8B9A009E9648 /* Actin_spring_force.cpp in Sources */ = {isa = PBXBuildFile; fileRef = 003E0271222A8B9A009E9648 /* Actin_spring_force.cpp */; };
		003E0274222ABC3E009E9648 /* Actin_MD_Evolution.cpp in Sources */ = {isa = PBXBuildFile; fileRef = 003E0273222ABC3E009E9648 /* Actin_MD_Evolution.cpp */; };
		003E0276222ABF1D009E9648 /* Actin_Membrane_shared_Node_Force_calculator.cpp in Sources */ = {isa = PBXBuildFile; fileRef = 003E0275222ABF1D009E9648 /* Actin_Membrane_shared_Node_Force_calculator.cpp */; };
		003E0278222BC22F009E9648 /* Actin_Thermostat.cpp in Sources */ = {isa = PBXBuildFile; fileRef = 003E0277222BC22F009E9648 /* Actin_Thermostat.cpp */; };
		003E027A222BC891009E9648 /* write_functions.cpp in Sources */ = {isa = PBXBuildFile; fileRef = 003E0279222BC890009E9648 /* write_functions.cpp */; };
		003E027C222BD335009E9648 /* initialise_node_bond_relaxed_length.cpp in Sources */ = {isa = PBXBuildFile; fileRef = 003E027B222BD334009E9648 /* initialise_node_bond_relaxed_length.cpp */; };
		003E027E222FC3F4009E9648 /* ECM_config.cpp in Sources */ = {isa = PBXBuildFile; fileRef = 003E027D222FC3F3009E9648 /* ECM_config.cpp */; };
		003E02802232A1F1009E9648 /* Initialise.cpp in Sources */ = {isa = PBXBuildFile; fileRef = 003E027F2232A1F1009E9648 /* Initialise.cpp */; };
		003E02822232D4E1009E9648 /* Node_neighbour_list_constructor.cpp in Sources */ = {isa = PBXBuildFile; fileRef = 003E02812232D4E0009E9648 /* Node_neighbour_list_constructor.cpp */; };
		003E02842232D876009E9648 /* ECM_MD_Evolution.cpp in Sources */ = {isa = PBXBuildFile; fileRef = 003E02832232D875009E9648 /* ECM_MD_Evolution.cpp */; };
		003E02862232DA79009E9648 /* write_functions.cpp in Sources */ = {isa = PBXBuildFile; fileRef = 003E02852232DA78009E9648 /* write_functions.cpp */; };
		004107EF214D43F1007E4C4B /* Membrane_spring_force.cpp in Sources */ = {isa = PBXBuildFile; fileRef = 004107EE214D43F0007E4C4B /* Membrane_spring_force.cpp */; };
		004107F1214D4402007E4C4B /* Membrane_bend_force.cpp in Sources */ = {isa = PBXBuildFile; fileRef = 004107F0214D4402007E4C4B /* Membrane_bend_force.cpp */; };
		004107F3214D440D007E4C4B /* Elastic_Force_Calculator.cpp in Sources */ = {isa = PBXBuildFile; fileRef = 004107F2214D440D007E4C4B /* Elastic_Force_Calculator.cpp */; };
		00447D312253A3620081C2B7 /* Membrane_Rescale.cpp in Sources */ = {isa = PBXBuildFile; fileRef = 00447D302253A3610081C2B7 /* Membrane_Rescale.cpp */; };
		0051F400223EA678000E2D0A /* Membrane_excluded_volume.cpp in Sources */ = {isa = PBXBuildFile; fileRef = 0051F3FF223EA677000E2D0A /* Membrane_excluded_volume.cpp */; };
		00574B5522FFF2BF00CC76D3 /* Chromatin_OpenMM.cpp in Sources */ = {isa = PBXBuildFile; fileRef = 00574B5422FFF2BF00CC76D3 /* Chromatin_OpenMM.cpp */; };
		00574B572300096400CC76D3 /* Actin_OpenMM.cpp in Sources */ = {isa = PBXBuildFile; fileRef = 00574B562300096400CC76D3 /* Actin_OpenMM.cpp */; };
		00574B592300099800CC76D3 /* ECM_OpenMM.cpp in Sources */ = {isa = PBXBuildFile; fileRef = 00574B582300099700CC76D3 /* ECM_OpenMM.cpp */; };
		00574B5B230009C700CC76D3 /* Membrane_OpenMM.cpp in Sources */ = {isa = PBXBuildFile; fileRef = 00574B5A230009C700CC76D3 /* Membrane_OpenMM.cpp */; };
		0066DC8C21FF22FF008E190F /* Membrane_Omega.cpp in Sources */ = {isa = PBXBuildFile; fileRef = 0066DC8B21FF22FF008E190F /* Membrane_Omega.cpp */; };
		006A322723263A5400300962 /* Export_classes_resume.cpp in Sources */ = {isa = PBXBuildFile; fileRef = 006A322623263A5200300962 /* Export_classes_resume.cpp */; };
		006A322A232643BB00300962 /* Update_membrane_radius.cpp in Sources */ = {isa = PBXBuildFile; fileRef = 006A3229232643BA00300962 /* Update_membrane_radius.cpp */; };
		006A322C2329660A00300962 /* print_time.cpp in Sources */ = {isa = PBXBuildFile; fileRef = 006A322B2329660900300962 /* print_time.cpp */; };
		006AA39A22E85511002E7465 /* create_exclusion_list.cpp in Sources */ = {isa = PBXBuildFile; fileRef = 006AA39922E85511002E7465 /* create_exclusion_list.cpp */; };
		006AA39C22E85A83002E7465 /* LJ_12_6_interactions_init.cpp in Sources */ = {isa = PBXBuildFile; fileRef = 006AA39B22E85A82002E7465 /* LJ_12_6_interactions_init.cpp */; };
		006AA39E22E85E55002E7465 /* Excleded_Volume_interactions_init.cpp in Sources */ = {isa = PBXBuildFile; fileRef = 006AA39D22E85E54002E7465 /* Excleded_Volume_interactions_init.cpp */; };
		006AA3A022E897DA002E7465 /* check.cpp in Sources */ = {isa = PBXBuildFile; fileRef = 006AA39F22E897DA002E7465 /* check.cpp */; };
		007934AF22BDFFAE00875556 /* point_particle.cpp in Sources */ = {isa = PBXBuildFile; fileRef = 007934AE22BDFFAE00875556 /* point_particle.cpp */; };
		008B6EC621BA7A5D00EB29DA /* Chromatin_MD_Evolution.cpp in Sources */ = {isa = PBXBuildFile; fileRef = 008B6EC521BA7A5C00EB29DA /* Chromatin_MD_Evolution.cpp */; };
		008B6EC821BA7AC500EB29DA /* Elastic_Force_Calculator.cpp in Sources */ = {isa = PBXBuildFile; fileRef = 008B6EC721BA7AC400EB29DA /* Elastic_Force_Calculator.cpp */; };
		008B6ECA21BA7B6A00EB29DA /* Chromatin_spring_force.cpp in Sources */ = {isa = PBXBuildFile; fileRef = 008B6EC921BA7B6A00EB29DA /* Chromatin_spring_force.cpp */; };
		008B6ECC21BA7DA500EB29DA /* Chromatin_Thermostat.cpp in Sources */ = {isa = PBXBuildFile; fileRef = 008B6ECB21BA7DA400EB29DA /* Chromatin_Thermostat.cpp */; };
		008B6ECE21C007D700EB29DA /* Chromatin_hard_sphere_force.cpp in Sources */ = {isa = PBXBuildFile; fileRef = 008B6ECD21C007D700EB29DA /* Chromatin_hard_sphere_force.cpp */; };
		008B6ED021C03E0D00EB29DA /* Membrane_chromatin_interaction.cpp in Sources */ = {isa = PBXBuildFile; fileRef = 008B6ECF21C03E0C00EB29DA /* Membrane_chromatin_interaction.cpp */; };
		0099D4D4213FD9C80058EC3B /* main.cpp in Sources */ = {isa = PBXBuildFile; fileRef = 0099D4D3213FD9C80058EC3B /* main.cpp */; };
		0099D534213FDBFC0058EC3B /* ECM_Normal_direction_Identifier.cpp in Sources */ = {isa = PBXBuildFile; fileRef = 0099D513213FDBFC0058EC3B /* ECM_Normal_direction_Identifier.cpp */; };
		0099D536213FDBFC0058EC3B /* interaction_neighbour_list_updaters.cpp in Sources */ = {isa = PBXBuildFile; fileRef = 0099D515213FDBFC0058EC3B /* interaction_neighbour_list_updaters.cpp */; };
		0099D537213FDBFC0058EC3B /* Membrane_MD_Evolution.cpp in Sources */ = {isa = PBXBuildFile; fileRef = 0099D516213FDBFC0058EC3B /* Membrane_MD_Evolution.cpp */; };
		0099D538213FDBFC0058EC3B /* interaction.cpp in Sources */ = {isa = PBXBuildFile; fileRef = 0099D517213FDBFC0058EC3B /* interaction.cpp */; };
		0099D539213FDBFC0058EC3B /* Membrane_Triangle_Pair_and_Edges_Identifier.cpp in Sources */ = {isa = PBXBuildFile; fileRef = 0099D518213FDBFC0058EC3B /* Membrane_Triangle_Pair_and_Edges_Identifier.cpp */; };
		0099D53A213FDBFC0058EC3B /* ECM.cpp in Sources */ = {isa = PBXBuildFile; fileRef = 0099D519213FDBFC0058EC3B /* ECM.cpp */; };
		0099D53D213FDBFC0058EC3B /* General_functions.cpp in Sources */ = {isa = PBXBuildFile; fileRef = 0099D51C213FDBFC0058EC3B /* General_functions.cpp */; };
		0099D540213FDBFC0058EC3B /* ECM_Node_Pair_Identifier.cpp in Sources */ = {isa = PBXBuildFile; fileRef = 0099D51F213FDBFC0058EC3B /* ECM_Node_Pair_Identifier.cpp */; };
		0099D542213FDBFC0058EC3B /* ECM_read_functions.cpp in Sources */ = {isa = PBXBuildFile; fileRef = 0099D521213FDBFC0058EC3B /* ECM_read_functions.cpp */; };
		0099D543213FDBFC0058EC3B /* Interaction_functions.cpp in Sources */ = {isa = PBXBuildFile; fileRef = 0099D525213FDBFC0058EC3B /* Interaction_functions.cpp */; };
		0099D544213FDBFC0058EC3B /* Average_Membrane_Node_Distance.cpp in Sources */ = {isa = PBXBuildFile; fileRef = 0099D526213FDBFC0058EC3B /* Average_Membrane_Node_Distance.cpp */; };
		0099D545213FDBFC0058EC3B /* triangle_interaction_neighbour_list_updaters.cpp in Sources */ = {isa = PBXBuildFile; fileRef = 0099D527213FDBFC0058EC3B /* triangle_interaction_neighbour_list_updaters.cpp */; };
		0099D546213FDBFC0058EC3B /* ConstantSurfaceForceLocalTriangles.cpp in Sources */ = {isa = PBXBuildFile; fileRef = 0099D528213FDBFC0058EC3B /* ConstantSurfaceForceLocalTriangles.cpp */; };
		0099D547213FDBFC0058EC3B /* Membrane_num_of_Node_Pair_Counter.cpp in Sources */ = {isa = PBXBuildFile; fileRef = 0099D529213FDBFC0058EC3B /* Membrane_num_of_Node_Pair_Counter.cpp */; };
		0099D548213FDBFC0058EC3B /* neighbour_pool_constructor.cpp in Sources */ = {isa = PBXBuildFile; fileRef = 0099D52A213FDBFC0058EC3B /* neighbour_pool_constructor.cpp */; };
		0099D54E213FDBFC0058EC3B /* Membrane_num_of_Node_Pair_Counter_2.cpp in Sources */ = {isa = PBXBuildFile; fileRef = 0099D532213FDBFC0058EC3B /* Membrane_num_of_Node_Pair_Counter_2.cpp */; };
		009FC6E621F1E634003C9378 /* resamplekin.cpp in Sources */ = {isa = PBXBuildFile; fileRef = 009FC6E521F1E633003C9378 /* resamplekin.cpp */; };
		00B6E09522D5D34700C09099 /* interaction_map_reader.cpp in Sources */ = {isa = PBXBuildFile; fileRef = 00B6E09422D5D34600C09099 /* interaction_map_reader.cpp */; };
		00B6E09722D7169300C09099 /* check.cpp in Sources */ = {isa = PBXBuildFile; fileRef = 00B6E09622D7169300C09099 /* check.cpp */; };
		00B6E09922D71A7100C09099 /* openmm_class_info_relay.cpp in Sources */ = {isa = PBXBuildFile; fileRef = 00B6E09822D71A7100C09099 /* openmm_class_info_relay.cpp */; };
		00BF193922A661FE002369CF /* libOpenMM.dylib in Frameworks */ = {isa = PBXBuildFile; fileRef = 00BF193822A661FE002369CF /* libOpenMM.dylib */; };
		00BF194722AF9604002369CF /* conv_pos_to_openmm.cpp in Sources */ = {isa = PBXBuildFile; fileRef = 00BF194522AF9602002369CF /* conv_pos_to_openmm.cpp */; };
		00BF194822AF9604002369CF /* conv_bond_info_to_openmm.cpp in Sources */ = {isa = PBXBuildFile; fileRef = 00BF194622AF9603002369CF /* conv_bond_info_to_openmm.cpp */; };
		00BF194F22AFFA8B002369CF /* conv_tri_info_to_openmm.cpp in Sources */ = {isa = PBXBuildFile; fileRef = 00BF194E22AFFA8B002369CF /* conv_tri_info_to_openmm.cpp */; };
		00BF195122B14F57002369CF /* openmm_gen_funcs.cpp in Sources */ = {isa = PBXBuildFile; fileRef = 00BF195022B14F57002369CF /* openmm_gen_funcs.cpp */; };
		00CC460621B00A50006D11E9 /* Membrane_Thermostat.cpp in Sources */ = {isa = PBXBuildFile; fileRef = 00CC460521B00A4F006D11E9 /* Membrane_Thermostat.cpp */; };
		00D81EEC2248D01F002E7C8F /* check.cpp in Sources */ = {isa = PBXBuildFile; fileRef = 00D81EE72248D01F002E7C8F /* check.cpp */; };
		00D81EED2248D01F002E7C8F /* Initialise.cpp in Sources */ = {isa = PBXBuildFile; fileRef = 00D81EE82248D01F002E7C8F /* Initialise.cpp */; };
		00D81EEE2248D01F002E7C8F /* Membrane_read_functions.cpp in Sources */ = {isa = PBXBuildFile; fileRef = 00D81EE92248D01F002E7C8F /* Membrane_read_functions.cpp */; };
		00D81EEF2248D01F002E7C8F /* Relaxation.cpp in Sources */ = {isa = PBXBuildFile; fileRef = 00D81EEA2248D01F002E7C8F /* Relaxation.cpp */; };
		00D81EF02248D01F002E7C8F /* Membrane_config.cpp in Sources */ = {isa = PBXBuildFile; fileRef = 00D81EEB2248D01F002E7C8F /* Membrane_config.cpp */; };
		00D81EF72248D055002E7C8F /* Membrane_node_pair_identifier.cpp in Sources */ = {isa = PBXBuildFile; fileRef = 00D81EF12248D054002E7C8F /* Membrane_node_pair_identifier.cpp */; };
		00D81EF82248D055002E7C8F /* Membrane_normal_direction_identifier.cpp in Sources */ = {isa = PBXBuildFile; fileRef = 00D81EF22248D054002E7C8F /* Membrane_normal_direction_identifier.cpp */; };
		00D81EFA2248D055002E7C8F /* Membrane_node_neighbour_list.cpp in Sources */ = {isa = PBXBuildFile; fileRef = 00D81EF42248D055002E7C8F /* Membrane_node_neighbour_list.cpp */; };
		00D81EFB2248D055002E7C8F /* Membrane_triangle_pair_counter.cpp in Sources */ = {isa = PBXBuildFile; fileRef = 00D81EF52248D055002E7C8F /* Membrane_triangle_pair_counter.cpp */; };
		00D81EFC2248D055002E7C8F /* Membrane_triangle_pair_identifier.cpp in Sources */ = {isa = PBXBuildFile; fileRef = 00D81EF62248D055002E7C8F /* Membrane_triangle_pair_identifier.cpp */; };
		00DB51D921B803D200629C14 /* Chromatin_config.cpp in Sources */ = {isa = PBXBuildFile; fileRef = 00DB51D821B803D200629C14 /* Chromatin_config.cpp */; };
		00DB51DB21B8063B00629C14 /* Initialise.cpp in Sources */ = {isa = PBXBuildFile; fileRef = 00DB51DA21B8063B00629C14 /* Initialise.cpp */; };
		00DB51DD21B8090400629C14 /* Chromatin_read_functions.cpp in Sources */ = {isa = PBXBuildFile; fileRef = 00DB51DC21B8090400629C14 /* Chromatin_read_functions.cpp */; };
		00DB51E121B83B0C00629C14 /* write_functions.cpp in Sources */ = {isa = PBXBuildFile; fileRef = 00DB51E021B83B0C00629C14 /* write_functions.cpp */; };
		00DB51E321B83D7A00629C14 /* write_functions.cpp in Sources */ = {isa = PBXBuildFile; fileRef = 00DB51E221B83D7A00629C14 /* write_functions.cpp */; };
		00E42E9522087D7000FA7DD1 /* Global_functions.cpp in Sources */ = {isa = PBXBuildFile; fileRef = 00E42E9422087D6F00FA7DD1 /* Global_functions.cpp */; };
		41C00718235E014300ADA846 /* init_openmm.cpp in Sources */ = {isa = PBXBuildFile; fileRef = 41C00717235E014300ADA846 /* init_openmm.cpp */; };
		41C0071A235E017C00ADA846 /* set_interactions_in_OpenMM.cpp in Sources */ = {isa = PBXBuildFile; fileRef = 41C00719235E017B00ADA846 /* set_interactions_in_OpenMM.cpp */; };
		41C0071C235F39D500ADA846 /* add_particles_to_sys_and_forces.cpp in Sources */ = {isa = PBXBuildFile; fileRef = 41C0071B235F39D500ADA846 /* add_particles_to_sys_and_forces.cpp */; };
		41C0071E235F3C9A00ADA846 /* set_bonded_forces.cpp in Sources */ = {isa = PBXBuildFile; fileRef = 41C0071D235F3C9A00ADA846 /* set_bonded_forces.cpp */; };
		41C00720235F485D00ADA846 /* set_dihedral_forces.cpp in Sources */ = {isa = PBXBuildFile; fileRef = 41C0071F235F485D00ADA846 /* set_dihedral_forces.cpp */; };
/* End PBXBuildFile section */

/* Begin PBXCopyFilesBuildPhase section */
		0099D4CE213FD9C80058EC3B /* CopyFiles */ = {
			isa = PBXCopyFilesBuildPhase;
			buildActionMask = 2147483647;
			dstPath = /usr/share/man/man1/;
			dstSubfolderSpec = 0;
			files = (
			);
			runOnlyForDeploymentPostprocessing = 1;
		};
/* End PBXCopyFilesBuildPhase section */

/* Begin PBXFileReference section */
		0014A4FB218B634E00D2011A /* map_constructors.cpp */ = {isa = PBXFileReference; fileEncoding = 4; lastKnownFileType = sourcecode.cpp.cpp; path = map_constructors.cpp; sourceTree = "<group>"; };
		0014A4FD218B63A700D2011A /* maps.hpp */ = {isa = PBXFileReference; lastKnownFileType = sourcecode.cpp.h; path = maps.hpp; sourceTree = "<group>"; };
		0028C26C221725FB00D79E99 /* Actin.h */ = {isa = PBXFileReference; lastKnownFileType = sourcecode.c.h; path = Actin.h; sourceTree = "<group>"; };
		0028D1E522A2E0C800F4EE7E /* Membrane_Particle_interaction.cpp */ = {isa = PBXFileReference; fileEncoding = 4; lastKnownFileType = sourcecode.cpp.cpp; name = Membrane_Particle_interaction.cpp; path = Membrane_Particle/Membrane_Particle_interaction.cpp; sourceTree = "<group>"; };
		003E026022285718009E9648 /* Actin_config.cpp */ = {isa = PBXFileReference; fileEncoding = 4; lastKnownFileType = sourcecode.cpp.cpp; name = Actin_config.cpp; path = ../Actin/Actin_config.cpp; sourceTree = "<group>"; };
		003E026222285A3A009E9648 /* Actin_read_functions.cpp */ = {isa = PBXFileReference; fileEncoding = 4; lastKnownFileType = sourcecode.cpp.cpp; name = Actin_read_functions.cpp; path = ../Actin/Actin_read_functions.cpp; sourceTree = "<group>"; };
		003E02642229416A009E9648 /* Initialise.cpp */ = {isa = PBXFileReference; fileEncoding = 4; lastKnownFileType = sourcecode.cpp.cpp; name = Initialise.cpp; path = ../Actin/Initialise.cpp; sourceTree = "<group>"; };
		003E02662229494A009E9648 /* Actin_node_pair_identifier.cpp */ = {isa = PBXFileReference; fileEncoding = 4; lastKnownFileType = sourcecode.cpp.cpp; name = Actin_node_pair_identifier.cpp; path = ../Actin/Actin_node_pair_identifier.cpp; sourceTree = "<group>"; };
		003E0268222967D1009E9648 /* Actin_Node_Bond_relaxed_length_initialiser.cpp */ = {isa = PBXFileReference; fileEncoding = 4; lastKnownFileType = sourcecode.cpp.cpp; name = Actin_Node_Bond_relaxed_length_initialiser.cpp; path = ../Actin/Actin_Node_Bond_relaxed_length_initialiser.cpp; sourceTree = "<group>"; };
		003E026B22296AF3009E9648 /* Membrane_Actin_shared_Node_Identifier.cpp */ = {isa = PBXFileReference; fileEncoding = 4; lastKnownFileType = sourcecode.cpp.cpp; name = Membrane_Actin_shared_Node_Identifier.cpp; path = Membrane_Actin/Membrane_Actin_shared_Node_Identifier.cpp; sourceTree = "<group>"; };
		003E026F222A857A009E9648 /* Elastic_Force_Calculator.cpp */ = {isa = PBXFileReference; fileEncoding = 4; lastKnownFileType = sourcecode.cpp.cpp; name = Elastic_Force_Calculator.cpp; path = ../Actin/Elastic_Force_Calculator.cpp; sourceTree = "<group>"; };
		003E0271222A8B9A009E9648 /* Actin_spring_force.cpp */ = {isa = PBXFileReference; fileEncoding = 4; lastKnownFileType = sourcecode.cpp.cpp; name = Actin_spring_force.cpp; path = ../Actin/Actin_spring_force.cpp; sourceTree = "<group>"; };
		003E0273222ABC3E009E9648 /* Actin_MD_Evolution.cpp */ = {isa = PBXFileReference; fileEncoding = 4; lastKnownFileType = sourcecode.cpp.cpp; name = Actin_MD_Evolution.cpp; path = ../Actin/Actin_MD_Evolution.cpp; sourceTree = "<group>"; };
		003E0275222ABF1D009E9648 /* Actin_Membrane_shared_Node_Force_calculator.cpp */ = {isa = PBXFileReference; fileEncoding = 4; lastKnownFileType = sourcecode.cpp.cpp; name = Actin_Membrane_shared_Node_Force_calculator.cpp; path = Membrane_Actin/Actin_Membrane_shared_Node_Force_calculator.cpp; sourceTree = "<group>"; };
		003E0277222BC22F009E9648 /* Actin_Thermostat.cpp */ = {isa = PBXFileReference; fileEncoding = 4; lastKnownFileType = sourcecode.cpp.cpp; name = Actin_Thermostat.cpp; path = ../Actin/Actin_Thermostat.cpp; sourceTree = "<group>"; };
		003E0279222BC890009E9648 /* write_functions.cpp */ = {isa = PBXFileReference; fileEncoding = 4; lastKnownFileType = sourcecode.cpp.cpp; name = write_functions.cpp; path = ../Actin/write_functions.cpp; sourceTree = "<group>"; };
		003E027B222BD334009E9648 /* initialise_node_bond_relaxed_length.cpp */ = {isa = PBXFileReference; fileEncoding = 4; lastKnownFileType = sourcecode.cpp.cpp; name = initialise_node_bond_relaxed_length.cpp; path = ../Actin/initialise_node_bond_relaxed_length.cpp; sourceTree = "<group>"; };
		003E027D222FC3F3009E9648 /* ECM_config.cpp */ = {isa = PBXFileReference; fileEncoding = 4; lastKnownFileType = sourcecode.cpp.cpp; name = ECM_config.cpp; path = ECM/ECM_config.cpp; sourceTree = "<group>"; };
		003E027F2232A1F1009E9648 /* Initialise.cpp */ = {isa = PBXFileReference; fileEncoding = 4; lastKnownFileType = sourcecode.cpp.cpp; name = Initialise.cpp; path = ECM/Initialise.cpp; sourceTree = "<group>"; };
		003E02812232D4E0009E9648 /* Node_neighbour_list_constructor.cpp */ = {isa = PBXFileReference; fileEncoding = 4; lastKnownFileType = sourcecode.cpp.cpp; name = Node_neighbour_list_constructor.cpp; path = ECM/Node_neighbour_list_constructor.cpp; sourceTree = "<group>"; };
		003E02832232D875009E9648 /* ECM_MD_Evolution.cpp */ = {isa = PBXFileReference; fileEncoding = 4; lastKnownFileType = sourcecode.cpp.cpp; name = ECM_MD_Evolution.cpp; path = ECM/ECM_MD_Evolution.cpp; sourceTree = "<group>"; };
		003E02852232DA78009E9648 /* write_functions.cpp */ = {isa = PBXFileReference; fileEncoding = 4; lastKnownFileType = sourcecode.cpp.cpp; name = write_functions.cpp; path = ECM/write_functions.cpp; sourceTree = "<group>"; };
		004107EE214D43F0007E4C4B /* Membrane_spring_force.cpp */ = {isa = PBXFileReference; fileEncoding = 4; lastKnownFileType = sourcecode.cpp.cpp; name = Membrane_spring_force.cpp; path = Membrane/Membrane_spring_force.cpp; sourceTree = "<group>"; };
		004107F0214D4402007E4C4B /* Membrane_bend_force.cpp */ = {isa = PBXFileReference; fileEncoding = 4; lastKnownFileType = sourcecode.cpp.cpp; name = Membrane_bend_force.cpp; path = Membrane/Membrane_bend_force.cpp; sourceTree = "<group>"; };
		004107F2214D440D007E4C4B /* Elastic_Force_Calculator.cpp */ = {isa = PBXFileReference; fileEncoding = 4; lastKnownFileType = sourcecode.cpp.cpp; name = Elastic_Force_Calculator.cpp; path = Membrane/Elastic_Force_Calculator.cpp; sourceTree = "<group>"; };
		00447D302253A3610081C2B7 /* Membrane_Rescale.cpp */ = {isa = PBXFileReference; fileEncoding = 4; lastKnownFileType = sourcecode.cpp.cpp; name = Membrane_Rescale.cpp; path = Membrane/Membrane_Rescale.cpp; sourceTree = "<group>"; };
		0051F3FF223EA677000E2D0A /* Membrane_excluded_volume.cpp */ = {isa = PBXFileReference; fileEncoding = 4; lastKnownFileType = sourcecode.cpp.cpp; name = Membrane_excluded_volume.cpp; path = Membrane/Membrane_excluded_volume.cpp; sourceTree = "<group>"; };
		00574B5422FFF2BF00CC76D3 /* Chromatin_OpenMM.cpp */ = {isa = PBXFileReference; fileEncoding = 4; lastKnownFileType = sourcecode.cpp.cpp; path = Chromatin_OpenMM.cpp; sourceTree = "<group>"; };
		00574B562300096400CC76D3 /* Actin_OpenMM.cpp */ = {isa = PBXFileReference; fileEncoding = 4; lastKnownFileType = sourcecode.cpp.cpp; path = Actin_OpenMM.cpp; sourceTree = "<group>"; };
		00574B582300099700CC76D3 /* ECM_OpenMM.cpp */ = {isa = PBXFileReference; fileEncoding = 4; lastKnownFileType = sourcecode.cpp.cpp; name = ECM_OpenMM.cpp; path = ECM/ECM_OpenMM.cpp; sourceTree = "<group>"; };
		00574B5A230009C700CC76D3 /* Membrane_OpenMM.cpp */ = {isa = PBXFileReference; fileEncoding = 4; lastKnownFileType = sourcecode.cpp.cpp; name = Membrane_OpenMM.cpp; path = Membrane/Membrane_OpenMM.cpp; sourceTree = "<group>"; };
		0059BEF721B7F77000A2F68B /* Chromatin.h */ = {isa = PBXFileReference; lastKnownFileType = sourcecode.c.h; path = Chromatin.h; sourceTree = "<group>"; };
		0066DC8B21FF22FF008E190F /* Membrane_Omega.cpp */ = {isa = PBXFileReference; fileEncoding = 4; lastKnownFileType = sourcecode.cpp.cpp; name = Membrane_Omega.cpp; path = Membrane/Membrane_Omega.cpp; sourceTree = "<group>"; };
		006A322623263A5200300962 /* Export_classes_resume.cpp */ = {isa = PBXFileReference; fileEncoding = 4; lastKnownFileType = sourcecode.cpp.cpp; path = Export_classes_resume.cpp; sourceTree = "<group>"; };
		006A322823263AD500300962 /* General_class_functions.h */ = {isa = PBXFileReference; lastKnownFileType = sourcecode.c.h; name = General_class_functions.h; path = ../include/General_class_functions.h; sourceTree = "<group>"; };
		006A3229232643BA00300962 /* Update_membrane_radius.cpp */ = {isa = PBXFileReference; fileEncoding = 4; lastKnownFileType = sourcecode.cpp.cpp; path = Update_membrane_radius.cpp; sourceTree = "<group>"; };
		006A322B2329660900300962 /* print_time.cpp */ = {isa = PBXFileReference; fileEncoding = 4; lastKnownFileType = sourcecode.cpp.cpp; path = print_time.cpp; sourceTree = "<group>"; };
		006AA39922E85511002E7465 /* create_exclusion_list.cpp */ = {isa = PBXFileReference; fileEncoding = 4; lastKnownFileType = sourcecode.cpp.cpp; name = create_exclusion_list.cpp; path = OpenMM/create_exclusion_list.cpp; sourceTree = "<group>"; };
		006AA39B22E85A82002E7465 /* LJ_12_6_interactions_init.cpp */ = {isa = PBXFileReference; fileEncoding = 4; lastKnownFileType = sourcecode.cpp.cpp; name = LJ_12_6_interactions_init.cpp; path = OpenMM/LJ_12_6_interactions_init.cpp; sourceTree = "<group>"; };
		006AA39D22E85E54002E7465 /* Excleded_Volume_interactions_init.cpp */ = {isa = PBXFileReference; fileEncoding = 4; lastKnownFileType = sourcecode.cpp.cpp; name = Excleded_Volume_interactions_init.cpp; path = OpenMM/Excleded_Volume_interactions_init.cpp; sourceTree = "<group>"; };
		006AA39F22E897DA002E7465 /* check.cpp */ = {isa = PBXFileReference; fileEncoding = 4; lastKnownFileType = sourcecode.cpp.cpp; path = check.cpp; sourceTree = "<group>"; };
		007934AC22BDFF7200875556 /* point_particle.h */ = {isa = PBXFileReference; lastKnownFileType = sourcecode.c.h; name = point_particle.h; path = ../include/point_particle.h; sourceTree = "<group>"; };
		007934AE22BDFFAE00875556 /* point_particle.cpp */ = {isa = PBXFileReference; fileEncoding = 4; lastKnownFileType = sourcecode.cpp.cpp; path = point_particle.cpp; sourceTree = "<group>"; };
		008B6EC521BA7A5C00EB29DA /* Chromatin_MD_Evolution.cpp */ = {isa = PBXFileReference; fileEncoding = 4; lastKnownFileType = sourcecode.cpp.cpp; path = Chromatin_MD_Evolution.cpp; sourceTree = "<group>"; };
		008B6EC721BA7AC400EB29DA /* Elastic_Force_Calculator.cpp */ = {isa = PBXFileReference; fileEncoding = 4; lastKnownFileType = sourcecode.cpp.cpp; path = Elastic_Force_Calculator.cpp; sourceTree = "<group>"; };
		008B6EC921BA7B6A00EB29DA /* Chromatin_spring_force.cpp */ = {isa = PBXFileReference; fileEncoding = 4; lastKnownFileType = sourcecode.cpp.cpp; path = Chromatin_spring_force.cpp; sourceTree = "<group>"; };
		008B6ECB21BA7DA400EB29DA /* Chromatin_Thermostat.cpp */ = {isa = PBXFileReference; fileEncoding = 4; lastKnownFileType = sourcecode.cpp.cpp; path = Chromatin_Thermostat.cpp; sourceTree = "<group>"; };
		008B6ECD21C007D700EB29DA /* Chromatin_hard_sphere_force.cpp */ = {isa = PBXFileReference; fileEncoding = 4; lastKnownFileType = sourcecode.cpp.cpp; path = Chromatin_hard_sphere_force.cpp; sourceTree = "<group>"; };
		008B6ECF21C03E0C00EB29DA /* Membrane_chromatin_interaction.cpp */ = {isa = PBXFileReference; fileEncoding = 4; lastKnownFileType = sourcecode.cpp.cpp; name = Membrane_chromatin_interaction.cpp; path = Membrane_Chromatin/Membrane_chromatin_interaction.cpp; sourceTree = "<group>"; };
		0099D4D0213FD9C80058EC3B /* Membrae */ = {isa = PBXFileReference; explicitFileType = "compiled.mach-o.executable"; includeInIndex = 0; path = Membrae; sourceTree = BUILT_PRODUCTS_DIR; };
		0099D4D3213FD9C80058EC3B /* main.cpp */ = {isa = PBXFileReference; lastKnownFileType = sourcecode.cpp.cpp; name = main.cpp; path = ../../Membrane_OBJ/source/main.cpp; sourceTree = "<group>"; };
		0099D50A213FDBFC0058EC3B /* General_constants.h */ = {isa = PBXFileReference; fileEncoding = 4; lastKnownFileType = sourcecode.c.h; path = General_constants.h; sourceTree = "<group>"; };
		0099D50B213FDBFC0058EC3B /* interaction.hpp */ = {isa = PBXFileReference; fileEncoding = 4; lastKnownFileType = sourcecode.cpp.h; path = interaction.hpp; sourceTree = "<group>"; };
		0099D50C213FDBFC0058EC3B /* ECM.h */ = {isa = PBXFileReference; fileEncoding = 4; lastKnownFileType = sourcecode.c.h; path = ECM.h; sourceTree = "<group>"; };
		0099D50F213FDBFC0058EC3B /* Membrane.h */ = {isa = PBXFileReference; fileEncoding = 4; lastKnownFileType = sourcecode.c.h; path = Membrane.h; sourceTree = "<group>"; };
		0099D510213FDBFC0058EC3B /* General_functions.hpp */ = {isa = PBXFileReference; fileEncoding = 4; lastKnownFileType = sourcecode.cpp.h; path = General_functions.hpp; sourceTree = "<group>"; };
		0099D511213FDBFC0058EC3B /* write_functions.hpp */ = {isa = PBXFileReference; fileEncoding = 4; lastKnownFileType = sourcecode.cpp.h; path = write_functions.hpp; sourceTree = "<group>"; };
		0099D513213FDBFC0058EC3B /* ECM_Normal_direction_Identifier.cpp */ = {isa = PBXFileReference; fileEncoding = 4; lastKnownFileType = sourcecode.cpp.cpp; path = ECM_Normal_direction_Identifier.cpp; sourceTree = "<group>"; };
		0099D515213FDBFC0058EC3B /* interaction_neighbour_list_updaters.cpp */ = {isa = PBXFileReference; fileEncoding = 4; lastKnownFileType = sourcecode.cpp.cpp; path = interaction_neighbour_list_updaters.cpp; sourceTree = "<group>"; };
		0099D516213FDBFC0058EC3B /* Membrane_MD_Evolution.cpp */ = {isa = PBXFileReference; fileEncoding = 4; lastKnownFileType = sourcecode.cpp.cpp; name = Membrane_MD_Evolution.cpp; path = Membrane/Membrane_MD_Evolution.cpp; sourceTree = "<group>"; };
		0099D517213FDBFC0058EC3B /* interaction.cpp */ = {isa = PBXFileReference; fileEncoding = 4; lastKnownFileType = sourcecode.cpp.cpp; path = interaction.cpp; sourceTree = "<group>"; };
		0099D518213FDBFC0058EC3B /* Membrane_Triangle_Pair_and_Edges_Identifier.cpp */ = {isa = PBXFileReference; fileEncoding = 4; lastKnownFileType = sourcecode.cpp.cpp; name = Membrane_Triangle_Pair_and_Edges_Identifier.cpp; path = Membrane/Membrane_Triangle_Pair_and_Edges_Identifier.cpp; sourceTree = "<group>"; };
		0099D519213FDBFC0058EC3B /* ECM.cpp */ = {isa = PBXFileReference; fileEncoding = 4; lastKnownFileType = sourcecode.cpp.cpp; path = ECM.cpp; sourceTree = "<group>"; };
		0099D51C213FDBFC0058EC3B /* General_functions.cpp */ = {isa = PBXFileReference; fileEncoding = 4; lastKnownFileType = sourcecode.cpp.cpp; path = General_functions.cpp; sourceTree = "<group>"; };
		0099D51F213FDBFC0058EC3B /* ECM_Node_Pair_Identifier.cpp */ = {isa = PBXFileReference; fileEncoding = 4; lastKnownFileType = sourcecode.cpp.cpp; name = ECM_Node_Pair_Identifier.cpp; path = ECM/ECM_Node_Pair_Identifier.cpp; sourceTree = "<group>"; };
		0099D521213FDBFC0058EC3B /* ECM_read_functions.cpp */ = {isa = PBXFileReference; fileEncoding = 4; lastKnownFileType = sourcecode.cpp.cpp; name = ECM_read_functions.cpp; path = ECM/ECM_read_functions.cpp; sourceTree = "<group>"; };
		0099D525213FDBFC0058EC3B /* Interaction_functions.cpp */ = {isa = PBXFileReference; fileEncoding = 4; lastKnownFileType = sourcecode.cpp.cpp; path = Interaction_functions.cpp; sourceTree = "<group>"; };
		0099D526213FDBFC0058EC3B /* Average_Membrane_Node_Distance.cpp */ = {isa = PBXFileReference; fileEncoding = 4; lastKnownFileType = sourcecode.cpp.cpp; name = Average_Membrane_Node_Distance.cpp; path = Membrane/Average_Membrane_Node_Distance.cpp; sourceTree = "<group>"; };
		0099D527213FDBFC0058EC3B /* triangle_interaction_neighbour_list_updaters.cpp */ = {isa = PBXFileReference; fileEncoding = 4; lastKnownFileType = sourcecode.cpp.cpp; name = triangle_interaction_neighbour_list_updaters.cpp; path = Membrane/triangle_interaction_neighbour_list_updaters.cpp; sourceTree = "<group>"; };
		0099D528213FDBFC0058EC3B /* ConstantSurfaceForceLocalTriangles.cpp */ = {isa = PBXFileReference; fileEncoding = 4; lastKnownFileType = sourcecode.cpp.cpp; name = ConstantSurfaceForceLocalTriangles.cpp; path = Membrane/ConstantSurfaceForceLocalTriangles.cpp; sourceTree = "<group>"; };
		0099D529213FDBFC0058EC3B /* Membrane_num_of_Node_Pair_Counter.cpp */ = {isa = PBXFileReference; fileEncoding = 4; lastKnownFileType = sourcecode.cpp.cpp; name = Membrane_num_of_Node_Pair_Counter.cpp; path = Membrane/Membrane_num_of_Node_Pair_Counter.cpp; sourceTree = "<group>"; };
		0099D52A213FDBFC0058EC3B /* neighbour_pool_constructor.cpp */ = {isa = PBXFileReference; fileEncoding = 4; lastKnownFileType = sourcecode.cpp.cpp; path = neighbour_pool_constructor.cpp; sourceTree = "<group>"; };
		0099D532213FDBFC0058EC3B /* Membrane_num_of_Node_Pair_Counter_2.cpp */ = {isa = PBXFileReference; fileEncoding = 4; lastKnownFileType = sourcecode.cpp.cpp; name = Membrane_num_of_Node_Pair_Counter_2.cpp; path = Membrane/Membrane_num_of_Node_Pair_Counter_2.cpp; sourceTree = "<group>"; };
		009FC6E521F1E633003C9378 /* resamplekin.cpp */ = {isa = PBXFileReference; fileEncoding = 4; lastKnownFileType = sourcecode.cpp.cpp; path = resamplekin.cpp; sourceTree = "<group>"; };
		009FC6E721F1E640003C9378 /* Bussi_Thermostat.hpp */ = {isa = PBXFileReference; lastKnownFileType = sourcecode.cpp.h; path = Bussi_Thermostat.hpp; sourceTree = "<group>"; };
		00B6E09422D5D34600C09099 /* interaction_map_reader.cpp */ = {isa = PBXFileReference; fileEncoding = 4; lastKnownFileType = sourcecode.cpp.cpp; path = interaction_map_reader.cpp; sourceTree = "<group>"; };
		00B6E09622D7169300C09099 /* check.cpp */ = {isa = PBXFileReference; fileEncoding = 4; lastKnownFileType = sourcecode.cpp.cpp; name = check.cpp; path = ECM/check.cpp; sourceTree = "<group>"; };
		00B6E09822D71A7100C09099 /* openmm_class_info_relay.cpp */ = {isa = PBXFileReference; fileEncoding = 4; lastKnownFileType = sourcecode.cpp.cpp; name = openmm_class_info_relay.cpp; path = OpenMM/openmm_class_info_relay.cpp; sourceTree = "<group>"; };
		00BF193822A661FE002369CF /* libOpenMM.dylib */ = {isa = PBXFileReference; lastKnownFileType = "compiled.mach-o.dylib"; name = libOpenMM.dylib; path = ../../../../../../../../usr/local/openmm/lib/libOpenMM.dylib; sourceTree = "<group>"; };
		00BF194222AEB95C002369CF /* OpenMM_structs.h */ = {isa = PBXFileReference; lastKnownFileType = sourcecode.c.h; name = OpenMM_structs.h; path = ../include/OpenMM_structs.h; sourceTree = "<group>"; };
		00BF194522AF9602002369CF /* conv_pos_to_openmm.cpp */ = {isa = PBXFileReference; fileEncoding = 4; lastKnownFileType = sourcecode.cpp.cpp; name = conv_pos_to_openmm.cpp; path = OpenMM/conv_pos_to_openmm.cpp; sourceTree = "<group>"; };
		00BF194622AF9603002369CF /* conv_bond_info_to_openmm.cpp */ = {isa = PBXFileReference; fileEncoding = 4; lastKnownFileType = sourcecode.cpp.cpp; name = conv_bond_info_to_openmm.cpp; path = OpenMM/conv_bond_info_to_openmm.cpp; sourceTree = "<group>"; };
		00BF194D22AF9927002369CF /* OpenMM_funcs.hpp */ = {isa = PBXFileReference; lastKnownFileType = sourcecode.cpp.h; name = OpenMM_funcs.hpp; path = ../include/OpenMM_funcs.hpp; sourceTree = "<group>"; };
		00BF194E22AFFA8B002369CF /* conv_tri_info_to_openmm.cpp */ = {isa = PBXFileReference; fileEncoding = 4; lastKnownFileType = sourcecode.cpp.cpp; name = conv_tri_info_to_openmm.cpp; path = OpenMM/conv_tri_info_to_openmm.cpp; sourceTree = "<group>"; };
		00BF195022B14F57002369CF /* openmm_gen_funcs.cpp */ = {isa = PBXFileReference; fileEncoding = 4; lastKnownFileType = sourcecode.cpp.cpp; name = openmm_gen_funcs.cpp; path = OpenMM/openmm_gen_funcs.cpp; sourceTree = "<group>"; };
		00CC460521B00A4F006D11E9 /* Membrane_Thermostat.cpp */ = {isa = PBXFileReference; fileEncoding = 4; lastKnownFileType = sourcecode.cpp.cpp; name = Membrane_Thermostat.cpp; path = Membrane/Membrane_Thermostat.cpp; sourceTree = "<group>"; };
		00D81EE72248D01F002E7C8F /* check.cpp */ = {isa = PBXFileReference; fileEncoding = 4; lastKnownFileType = sourcecode.cpp.cpp; name = check.cpp; path = Membrane/check.cpp; sourceTree = "<group>"; };
		00D81EE82248D01F002E7C8F /* Initialise.cpp */ = {isa = PBXFileReference; fileEncoding = 4; lastKnownFileType = sourcecode.cpp.cpp; name = Initialise.cpp; path = Membrane/Initialise.cpp; sourceTree = "<group>"; };
		00D81EE92248D01F002E7C8F /* Membrane_read_functions.cpp */ = {isa = PBXFileReference; fileEncoding = 4; lastKnownFileType = sourcecode.cpp.cpp; name = Membrane_read_functions.cpp; path = Membrane/Membrane_read_functions.cpp; sourceTree = "<group>"; };
		00D81EEA2248D01F002E7C8F /* Relaxation.cpp */ = {isa = PBXFileReference; fileEncoding = 4; lastKnownFileType = sourcecode.cpp.cpp; name = Relaxation.cpp; path = Membrane/Relaxation.cpp; sourceTree = "<group>"; };
		00D81EEB2248D01F002E7C8F /* Membrane_config.cpp */ = {isa = PBXFileReference; fileEncoding = 4; lastKnownFileType = sourcecode.cpp.cpp; name = Membrane_config.cpp; path = Membrane/Membrane_config.cpp; sourceTree = "<group>"; };
		00D81EF12248D054002E7C8F /* Membrane_node_pair_identifier.cpp */ = {isa = PBXFileReference; fileEncoding = 4; lastKnownFileType = sourcecode.cpp.cpp; name = Membrane_node_pair_identifier.cpp; path = Membrane/Membrane_node_pair_identifier.cpp; sourceTree = "<group>"; };
		00D81EF22248D054002E7C8F /* Membrane_normal_direction_identifier.cpp */ = {isa = PBXFileReference; fileEncoding = 4; lastKnownFileType = sourcecode.cpp.cpp; name = Membrane_normal_direction_identifier.cpp; path = Membrane/Membrane_normal_direction_identifier.cpp; sourceTree = "<group>"; };
		00D81EF32248D054002E7C8F /* Membrane_Triangle_Pair_and_Edges_Identifier.cpp */ = {isa = PBXFileReference; fileEncoding = 4; lastKnownFileType = sourcecode.cpp.cpp; name = Membrane_Triangle_Pair_and_Edges_Identifier.cpp; path = Membrane/Membrane_Triangle_Pair_and_Edges_Identifier.cpp; sourceTree = "<group>"; };
		00D81EF42248D055002E7C8F /* Membrane_node_neighbour_list.cpp */ = {isa = PBXFileReference; fileEncoding = 4; lastKnownFileType = sourcecode.cpp.cpp; name = Membrane_node_neighbour_list.cpp; path = Membrane/Membrane_node_neighbour_list.cpp; sourceTree = "<group>"; };
		00D81EF52248D055002E7C8F /* Membrane_triangle_pair_counter.cpp */ = {isa = PBXFileReference; fileEncoding = 4; lastKnownFileType = sourcecode.cpp.cpp; name = Membrane_triangle_pair_counter.cpp; path = Membrane/Membrane_triangle_pair_counter.cpp; sourceTree = "<group>"; };
		00D81EF62248D055002E7C8F /* Membrane_triangle_pair_identifier.cpp */ = {isa = PBXFileReference; fileEncoding = 4; lastKnownFileType = sourcecode.cpp.cpp; name = Membrane_triangle_pair_identifier.cpp; path = Membrane/Membrane_triangle_pair_identifier.cpp; sourceTree = "<group>"; };
		00DB51D821B803D200629C14 /* Chromatin_config.cpp */ = {isa = PBXFileReference; fileEncoding = 4; lastKnownFileType = sourcecode.cpp.cpp; path = Chromatin_config.cpp; sourceTree = "<group>"; };
		00DB51DA21B8063B00629C14 /* Initialise.cpp */ = {isa = PBXFileReference; fileEncoding = 4; lastKnownFileType = sourcecode.cpp.cpp; path = Initialise.cpp; sourceTree = "<group>"; };
		00DB51DC21B8090400629C14 /* Chromatin_read_functions.cpp */ = {isa = PBXFileReference; fileEncoding = 4; lastKnownFileType = sourcecode.cpp.cpp; path = Chromatin_read_functions.cpp; sourceTree = "<group>"; };
		00DB51E021B83B0C00629C14 /* write_functions.cpp */ = {isa = PBXFileReference; fileEncoding = 4; lastKnownFileType = sourcecode.cpp.cpp; path = write_functions.cpp; sourceTree = "<group>"; };
		00DB51E221B83D7A00629C14 /* write_functions.cpp */ = {isa = PBXFileReference; fileEncoding = 4; lastKnownFileType = sourcecode.cpp.cpp; name = write_functions.cpp; path = Membrane/write_functions.cpp; sourceTree = "<group>"; };
		00E42E9322087D5300FA7DD1 /* Global_functions.hpp */ = {isa = PBXFileReference; lastKnownFileType = sourcecode.cpp.h; path = Global_functions.hpp; sourceTree = "<group>"; };
		00E42E9422087D6F00FA7DD1 /* Global_functions.cpp */ = {isa = PBXFileReference; fileEncoding = 4; lastKnownFileType = sourcecode.cpp.cpp; path = Global_functions.cpp; sourceTree = "<group>"; };
		41C00717235E014300ADA846 /* init_openmm.cpp */ = {isa = PBXFileReference; fileEncoding = 4; lastKnownFileType = sourcecode.cpp.cpp; name = init_openmm.cpp; path = OpenMM/init_openmm.cpp; sourceTree = "<group>"; };
		41C00719235E017B00ADA846 /* set_interactions_in_OpenMM.cpp */ = {isa = PBXFileReference; fileEncoding = 4; lastKnownFileType = sourcecode.cpp.cpp; name = set_interactions_in_OpenMM.cpp; path = OpenMM/set_interactions_in_OpenMM.cpp; sourceTree = "<group>"; };
		41C0071B235F39D500ADA846 /* add_particles_to_sys_and_forces.cpp */ = {isa = PBXFileReference; fileEncoding = 4; lastKnownFileType = sourcecode.cpp.cpp; name = add_particles_to_sys_and_forces.cpp; path = OpenMM/add_particles_to_sys_and_forces.cpp; sourceTree = "<group>"; };
		41C0071D235F3C9A00ADA846 /* set_bonded_forces.cpp */ = {isa = PBXFileReference; fileEncoding = 4; lastKnownFileType = sourcecode.cpp.cpp; name = set_bonded_forces.cpp; path = OpenMM/set_bonded_forces.cpp; sourceTree = "<group>"; };
		41C0071F235F485D00ADA846 /* set_dihedral_forces.cpp */ = {isa = PBXFileReference; fileEncoding = 4; lastKnownFileType = sourcecode.cpp.cpp; name = set_dihedral_forces.cpp; path = OpenMM/set_dihedral_forces.cpp; sourceTree = "<group>"; };
/* End PBXFileReference section */

/* Begin PBXFrameworksBuildPhase section */
		0099D4CD213FD9C80058EC3B /* Frameworks */ = {
			isa = PBXFrameworksBuildPhase;
			buildActionMask = 2147483647;
			files = (
				00BF193922A661FE002369CF /* libOpenMM.dylib in Frameworks */,
			);
			runOnlyForDeploymentPostprocessing = 0;
		};
/* End PBXFrameworksBuildPhase section */

/* Begin PBXGroup section */
		0028C26B2215600C00D79E99 /* Membrane-ECM */ = {
			isa = PBXGroup;
			children = (
				0099D515213FDBFC0058EC3B /* interaction_neighbour_list_updaters.cpp */,
				0099D517213FDBFC0058EC3B /* interaction.cpp */,
				0099D525213FDBFC0058EC3B /* Interaction_functions.cpp */,
				0099D52A213FDBFC0058EC3B /* neighbour_pool_constructor.cpp */,
				0099D527213FDBFC0058EC3B /* triangle_interaction_neighbour_list_updaters.cpp */,
			);
			name = "Membrane-ECM";
			sourceTree = "<group>";
		};
		0028C26D22180BC100D79E99 /* Membrane-Chromatin */ = {
			isa = PBXGroup;
			children = (
				008B6ECF21C03E0C00EB29DA /* Membrane_chromatin_interaction.cpp */,
			);
			name = "Membrane-Chromatin";
			sourceTree = "<group>";
		};
		0028D1E422A2E0B600F4EE7E /* Membrane_particle */ = {
			isa = PBXGroup;
			children = (
				0028D1E522A2E0C800F4EE7E /* Membrane_Particle_interaction.cpp */,
			);
			name = Membrane_particle;
			sourceTree = "<group>";
		};
		003E025F222856CD009E9648 /* Actin */ = {
			isa = PBXGroup;
			children = (
				003E026022285718009E9648 /* Actin_config.cpp */,
				00574B562300096400CC76D3 /* Actin_OpenMM.cpp */,
				006AA39F22E897DA002E7465 /* check.cpp */,
				003E0273222ABC3E009E9648 /* Actin_MD_Evolution.cpp */,
				003E02642229416A009E9648 /* Initialise.cpp */,
				003E027B222BD334009E9648 /* initialise_node_bond_relaxed_length.cpp */,
				003E0277222BC22F009E9648 /* Actin_Thermostat.cpp */,
				003E0271222A8B9A009E9648 /* Actin_spring_force.cpp */,
				003E026F222A857A009E9648 /* Elastic_Force_Calculator.cpp */,
				003E026222285A3A009E9648 /* Actin_read_functions.cpp */,
				003E02662229494A009E9648 /* Actin_node_pair_identifier.cpp */,
				003E0279222BC890009E9648 /* write_functions.cpp */,
				003E0268222967D1009E9648 /* Actin_Node_Bond_relaxed_length_initialiser.cpp */,
			);
			path = Actin;
			sourceTree = "<group>";
		};
		003E026A22296AB6009E9648 /* Membrane-Actin */ = {
			isa = PBXGroup;
			children = (
				003E026B22296AF3009E9648 /* Membrane_Actin_shared_Node_Identifier.cpp */,
				003E0275222ABF1D009E9648 /* Actin_Membrane_shared_Node_Force_calculator.cpp */,
			);
			name = "Membrane-Actin";
			sourceTree = "<group>";
		};
		0059BEF821B7FC4500A2F68B /* Chromatin */ = {
			isa = PBXGroup;
			children = (
				00DB51DC21B8090400629C14 /* Chromatin_read_functions.cpp */,
				00574B5422FFF2BF00CC76D3 /* Chromatin_OpenMM.cpp */,
				008B6ECD21C007D700EB29DA /* Chromatin_hard_sphere_force.cpp */,
				008B6ECB21BA7DA400EB29DA /* Chromatin_Thermostat.cpp */,
				00DB51DA21B8063B00629C14 /* Initialise.cpp */,
				008B6EC921BA7B6A00EB29DA /* Chromatin_spring_force.cpp */,
				00DB51D821B803D200629C14 /* Chromatin_config.cpp */,
				008B6EC521BA7A5C00EB29DA /* Chromatin_MD_Evolution.cpp */,
				008B6EC721BA7AC400EB29DA /* Elastic_Force_Calculator.cpp */,
				00DB51E021B83B0C00629C14 /* write_functions.cpp */,
			);
			path = Chromatin;
			sourceTree = "<group>";
		};
		007934AD22BDFF9600875556 /* point particle */ = {
			isa = PBXGroup;
			children = (
				007934AE22BDFFAE00875556 /* point_particle.cpp */,
			);
			name = "point particle";
			sourceTree = "<group>";
		};
		0099D4C7213FD9C80058EC3B = {
			isa = PBXGroup;
			children = (
				0099D4D2213FD9C80058EC3B /* Membrae */,
				0099D4D1213FD9C80058EC3B /* Products */,
				00BF193722A661FC002369CF /* Frameworks */,
			);
			sourceTree = "<group>";
		};
		0099D4D1213FD9C80058EC3B /* Products */ = {
			isa = PBXGroup;
			children = (
				0099D4D0213FD9C80058EC3B /* Membrae */,
			);
			name = Products;
			sourceTree = "<group>";
		};
		0099D4D2213FD9C80058EC3B /* Membrae */ = {
			isa = PBXGroup;
			children = (
				0099D509213FDBFC0058EC3B /* Include */,
				0099D512213FDBFC0058EC3B /* source */,
				0099D4D3213FD9C80058EC3B /* main.cpp */,
			);
			path = Membrae;
			sourceTree = "<group>";
		};
		0099D509213FDBFC0058EC3B /* Include */ = {
			isa = PBXGroup;
			children = (
				0099D50A213FDBFC0058EC3B /* General_constants.h */,
				0099D50B213FDBFC0058EC3B /* interaction.hpp */,
				0028C26C221725FB00D79E99 /* Actin.h */,
				0099D50C213FDBFC0058EC3B /* ECM.h */,
				006A322823263AD500300962 /* General_class_functions.h */,
				00BF194222AEB95C002369CF /* OpenMM_structs.h */,
				00BF194D22AF9927002369CF /* OpenMM_funcs.hpp */,
				0099D50F213FDBFC0058EC3B /* Membrane.h */,
				0059BEF721B7F77000A2F68B /* Chromatin.h */,
				00E42E9322087D5300FA7DD1 /* Global_functions.hpp */,
				0099D510213FDBFC0058EC3B /* General_functions.hpp */,
				0099D511213FDBFC0058EC3B /* write_functions.hpp */,
				0014A4FD218B63A700D2011A /* maps.hpp */,
				007934AC22BDFF7200875556 /* point_particle.h */,
				009FC6E721F1E640003C9378 /* Bussi_Thermostat.hpp */,
			);
			name = Include;
			path = ../../Membrane_OBJ/Include;
			sourceTree = "<group>";
		};
		0099D512213FDBFC0058EC3B /* source */ = {
			isa = PBXGroup;
			children = (
				006A322623263A5200300962 /* Export_classes_resume.cpp */,
				006A322B2329660900300962 /* print_time.cpp */,
				006A3229232643BA00300962 /* Update_membrane_radius.cpp */,
				003E025F222856CD009E9648 /* Actin */,
				00E42E9422087D6F00FA7DD1 /* Global_functions.cpp */,
				007934AD22BDFF9600875556 /* point particle */,
				00B60520214BDA3100FD02D0 /* Interaction */,
				00BF194A22AF9650002369CF /* OMM */,
				0014A4FB218B634E00D2011A /* map_constructors.cpp */,
				00B6E09422D5D34600C09099 /* interaction_map_reader.cpp */,
				00B6051F214BDA0800FD02D0 /* ECM */,
				00B60521214BDA3A00FD02D0 /* Membrane */,
				0099D51C213FDBFC0058EC3B /* General_functions.cpp */,
				0059BEF821B7FC4500A2F68B /* Chromatin */,
			);
			name = source;
			path = ../../Membrane_OBJ/source;
			sourceTree = "<group>";
		};
		00B6051F214BDA0800FD02D0 /* ECM */ = {
			isa = PBXGroup;
			children = (
				003E027D222FC3F3009E9648 /* ECM_config.cpp */,
				003E02852232DA78009E9648 /* write_functions.cpp */,
				003E02832232D875009E9648 /* ECM_MD_Evolution.cpp */,
				00574B582300099700CC76D3 /* ECM_OpenMM.cpp */,
				003E02812232D4E0009E9648 /* Node_neighbour_list_constructor.cpp */,
				003E027F2232A1F1009E9648 /* Initialise.cpp */,
				00B6E09622D7169300C09099 /* check.cpp */,
				0099D519213FDBFC0058EC3B /* ECM.cpp */,
				0099D513213FDBFC0058EC3B /* ECM_Normal_direction_Identifier.cpp */,
				0099D51F213FDBFC0058EC3B /* ECM_Node_Pair_Identifier.cpp */,
				0099D521213FDBFC0058EC3B /* ECM_read_functions.cpp */,
			);
			name = ECM;
			sourceTree = "<group>";
		};
		00B60520214BDA3100FD02D0 /* Interaction */ = {
			isa = PBXGroup;
			children = (
				009FC6E521F1E633003C9378 /* resamplekin.cpp */,
				0028D1E422A2E0B600F4EE7E /* Membrane_particle */,
				003E026A22296AB6009E9648 /* Membrane-Actin */,
				0028C26D22180BC100D79E99 /* Membrane-Chromatin */,
				0028C26B2215600C00D79E99 /* Membrane-ECM */,
			);
			name = Interaction;
			sourceTree = "<group>";
		};
		00B60521214BDA3A00FD02D0 /* Membrane */ = {
			isa = PBXGroup;
			children = (
				0066DC8B21FF22FF008E190F /* Membrane_Omega.cpp */,
				00447D302253A3610081C2B7 /* Membrane_Rescale.cpp */,
				00CC460521B00A4F006D11E9 /* Membrane_Thermostat.cpp */,
				00D81EE62248CF73002E7C8F /* Constructors */,
				00D81EE52248CE77002E7C8F /* Internal Forces */,
				0099D518213FDBFC0058EC3B /* Membrane_Triangle_Pair_and_Edges_Identifier.cpp */,
				00DB51E221B83D7A00629C14 /* write_functions.cpp */,
				00574B5A230009C700CC76D3 /* Membrane_OpenMM.cpp */,
				0099D516213FDBFC0058EC3B /* Membrane_MD_Evolution.cpp */,
				0099D526213FDBFC0058EC3B /* Average_Membrane_Node_Distance.cpp */,
				0099D528213FDBFC0058EC3B /* ConstantSurfaceForceLocalTriangles.cpp */,
				0099D529213FDBFC0058EC3B /* Membrane_num_of_Node_Pair_Counter.cpp */,
				0099D532213FDBFC0058EC3B /* Membrane_num_of_Node_Pair_Counter_2.cpp */,
			);
			name = Membrane;
			sourceTree = "<group>";
		};
		00BF193722A661FC002369CF /* Frameworks */ = {
			isa = PBXGroup;
			children = (
				00BF193822A661FE002369CF /* libOpenMM.dylib */,
			);
			name = Frameworks;
			sourceTree = "<group>";
		};
		00BF194A22AF9650002369CF /* OMM */ = {
			isa = PBXGroup;
			children = (
				00BF194622AF9603002369CF /* conv_bond_info_to_openmm.cpp */,
				41C0071B235F39D500ADA846 /* add_particles_to_sys_and_forces.cpp */,
				00BF195022B14F57002369CF /* openmm_gen_funcs.cpp */,
				00B6E09822D71A7100C09099 /* openmm_class_info_relay.cpp */,
				00BF194E22AFFA8B002369CF /* conv_tri_info_to_openmm.cpp */,
				00BF194522AF9602002369CF /* conv_pos_to_openmm.cpp */,
				006AA39922E85511002E7465 /* create_exclusion_list.cpp */,
				41C00719235E017B00ADA846 /* set_interactions_in_OpenMM.cpp */,
				41C00717235E014300ADA846 /* init_openmm.cpp */,
				41C0071D235F3C9A00ADA846 /* set_bonded_forces.cpp */,
				41C0071F235F485D00ADA846 /* set_dihedral_forces.cpp */,
				006AA39D22E85E54002E7465 /* Excleded_Volume_interactions_init.cpp */,
				006AA39B22E85A82002E7465 /* LJ_12_6_interactions_init.cpp */,
			);
			name = OMM;
			sourceTree = "<group>";
		};
		00D81EE52248CE77002E7C8F /* Internal Forces */ = {
			isa = PBXGroup;
			children = (
				0051F3FF223EA677000E2D0A /* Membrane_excluded_volume.cpp */,
				004107EE214D43F0007E4C4B /* Membrane_spring_force.cpp */,
				004107F0214D4402007E4C4B /* Membrane_bend_force.cpp */,
				004107F2214D440D007E4C4B /* Elastic_Force_Calculator.cpp */,
			);
			name = "Internal Forces";
			sourceTree = "<group>";
		};
		00D81EE62248CF73002E7C8F /* Constructors */ = {
			isa = PBXGroup;
			children = (
				00D81EE72248D01F002E7C8F /* check.cpp */,
				00D81EE82248D01F002E7C8F /* Initialise.cpp */,
				00D81EEB2248D01F002E7C8F /* Membrane_config.cpp */,
				00D81EE92248D01F002E7C8F /* Membrane_read_functions.cpp */,
				00D81EF42248D055002E7C8F /* Membrane_node_neighbour_list.cpp */,
				00D81EF12248D054002E7C8F /* Membrane_node_pair_identifier.cpp */,
				00D81EF22248D054002E7C8F /* Membrane_normal_direction_identifier.cpp */,
				00D81EF32248D054002E7C8F /* Membrane_Triangle_Pair_and_Edges_Identifier.cpp */,
				00D81EF52248D055002E7C8F /* Membrane_triangle_pair_counter.cpp */,
				00D81EF62248D055002E7C8F /* Membrane_triangle_pair_identifier.cpp */,
				00D81EEA2248D01F002E7C8F /* Relaxation.cpp */,
			);
			name = Constructors;
			sourceTree = "<group>";
		};
/* End PBXGroup section */

/* Begin PBXNativeTarget section */
		0099D4CF213FD9C80058EC3B /* Membrae */ = {
			isa = PBXNativeTarget;
			buildConfigurationList = 0099D4D7213FD9C80058EC3B /* Build configuration list for PBXNativeTarget "Membrae" */;
			buildPhases = (
				0099D4CC213FD9C80058EC3B /* Sources */,
				0099D4CD213FD9C80058EC3B /* Frameworks */,
				0099D4CE213FD9C80058EC3B /* CopyFiles */,
			);
			buildRules = (
			);
			dependencies = (
			);
			name = Membrae;
			productName = Membrae;
			productReference = 0099D4D0213FD9C80058EC3B /* Membrae */;
			productType = "com.apple.product-type.tool";
		};
/* End PBXNativeTarget section */

/* Begin PBXProject section */
		0099D4C8213FD9C80058EC3B /* Project object */ = {
			isa = PBXProject;
			attributes = {
				LastUpgradeCheck = 1020;
				ORGANIZATIONNAME = "Ali Farnudi";
				TargetAttributes = {
					0099D4CF213FD9C80058EC3B = {
						CreatedOnToolsVersion = 9.4.1;
					};
				};
			};
			buildConfigurationList = 0099D4CB213FD9C80058EC3B /* Build configuration list for PBXProject "Membrae" */;
			compatibilityVersion = "Xcode 9.3";
			developmentRegion = en;
			hasScannedForEncodings = 0;
			knownRegions = (
				en,
				Base,
			);
			mainGroup = 0099D4C7213FD9C80058EC3B;
			productRefGroup = 0099D4D1213FD9C80058EC3B /* Products */;
			projectDirPath = "";
			projectRoot = "";
			targets = (
				0099D4CF213FD9C80058EC3B /* Membrae */,
			);
		};
/* End PBXProject section */

/* Begin PBXSourcesBuildPhase section */
		0099D4CC213FD9C80058EC3B /* Sources */ = {
			isa = PBXSourcesBuildPhase;
			buildActionMask = 2147483647;
			files = (
				00B6E09922D71A7100C09099 /* openmm_class_info_relay.cpp in Sources */,
				00BF195122B14F57002369CF /* openmm_gen_funcs.cpp in Sources */,
				003E02672229494A009E9648 /* Actin_node_pair_identifier.cpp in Sources */,
				0099D536213FDBFC0058EC3B /* interaction_neighbour_list_updaters.cpp in Sources */,
				00DB51DD21B8090400629C14 /* Chromatin_read_functions.cpp in Sources */,
				003E027C222BD335009E9648 /* initialise_node_bond_relaxed_length.cpp in Sources */,
				008B6ED021C03E0D00EB29DA /* Membrane_chromatin_interaction.cpp in Sources */,
				006A322A232643BB00300962 /* Update_membrane_radius.cpp in Sources */,
				003E02652229416A009E9648 /* Initialise.cpp in Sources */,
				00DB51DB21B8063B00629C14 /* Initialise.cpp in Sources */,
				004107F3214D440D007E4C4B /* Elastic_Force_Calculator.cpp in Sources */,
				003E0270222A857A009E9648 /* Elastic_Force_Calculator.cpp in Sources */,
				0099D544213FDBFC0058EC3B /* Average_Membrane_Node_Distance.cpp in Sources */,
				0099D539213FDBFC0058EC3B /* Membrane_Triangle_Pair_and_Edges_Identifier.cpp in Sources */,
				003E0272222A8B9A009E9648 /* Actin_spring_force.cpp in Sources */,
				003E027A222BC891009E9648 /* write_functions.cpp in Sources */,
				0099D548213FDBFC0058EC3B /* neighbour_pool_constructor.cpp in Sources */,
				0051F400223EA678000E2D0A /* Membrane_excluded_volume.cpp in Sources */,
				006AA39E22E85E55002E7465 /* Excleded_Volume_interactions_init.cpp in Sources */,
				0028D1E622A2E0C800F4EE7E /* Membrane_Particle_interaction.cpp in Sources */,
				003E02842232D876009E9648 /* ECM_MD_Evolution.cpp in Sources */,
				00DB51E321B83D7A00629C14 /* write_functions.cpp in Sources */,
				0066DC8C21FF22FF008E190F /* Membrane_Omega.cpp in Sources */,
				41C00718235E014300ADA846 /* init_openmm.cpp in Sources */,
				00B6E09522D5D34700C09099 /* interaction_map_reader.cpp in Sources */,
				0099D4D4213FD9C80058EC3B /* main.cpp in Sources */,
				006AA3A022E897DA002E7465 /* check.cpp in Sources */,
				009FC6E621F1E634003C9378 /* resamplekin.cpp in Sources */,
				41C0071E235F3C9A00ADA846 /* set_bonded_forces.cpp in Sources */,
				0099D538213FDBFC0058EC3B /* interaction.cpp in Sources */,
				41C0071C235F39D500ADA846 /* add_particles_to_sys_and_forces.cpp in Sources */,
				00B6E09722D7169300C09099 /* check.cpp in Sources */,
				007934AF22BDFFAE00875556 /* point_particle.cpp in Sources */,
				0099D547213FDBFC0058EC3B /* Membrane_num_of_Node_Pair_Counter.cpp in Sources */,
				004107EF214D43F1007E4C4B /* Membrane_spring_force.cpp in Sources */,
				003E02802232A1F1009E9648 /* Initialise.cpp in Sources */,
				004107F1214D4402007E4C4B /* Membrane_bend_force.cpp in Sources */,
				00D81EEF2248D01F002E7C8F /* Relaxation.cpp in Sources */,
				0099D534213FDBFC0058EC3B /* ECM_Normal_direction_Identifier.cpp in Sources */,
				00D81EEE2248D01F002E7C8F /* Membrane_read_functions.cpp in Sources */,
				006AA39C22E85A83002E7465 /* LJ_12_6_interactions_init.cpp in Sources */,
				003E02822232D4E1009E9648 /* Node_neighbour_list_constructor.cpp in Sources */,
				0099D54E213FDBFC0058EC3B /* Membrane_num_of_Node_Pair_Counter_2.cpp in Sources */,
				00574B5522FFF2BF00CC76D3 /* Chromatin_OpenMM.cpp in Sources */,
				003E027E222FC3F4009E9648 /* ECM_config.cpp in Sources */,
				008B6EC621BA7A5D00EB29DA /* Chromatin_MD_Evolution.cpp in Sources */,
				0099D540213FDBFC0058EC3B /* ECM_Node_Pair_Identifier.cpp in Sources */,
				00D81EED2248D01F002E7C8F /* Initialise.cpp in Sources */,
				0099D545213FDBFC0058EC3B /* triangle_interaction_neighbour_list_updaters.cpp in Sources */,
				003E0269222967D1009E9648 /* Actin_Node_Bond_relaxed_length_initialiser.cpp in Sources */,
				00D81EF82248D055002E7C8F /* Membrane_normal_direction_identifier.cpp in Sources */,
				00574B572300096400CC76D3 /* Actin_OpenMM.cpp in Sources */,
				00D81EF02248D01F002E7C8F /* Membrane_config.cpp in Sources */,
				003E026322285A3A009E9648 /* Actin_read_functions.cpp in Sources */,
				00D81EF72248D055002E7C8F /* Membrane_node_pair_identifier.cpp in Sources */,
				003E02862232DA79009E9648 /* write_functions.cpp in Sources */,
				41C0071A235E017C00ADA846 /* set_interactions_in_OpenMM.cpp in Sources */,
				00BF194722AF9604002369CF /* conv_pos_to_openmm.cpp in Sources */,
				006A322723263A5400300962 /* Export_classes_resume.cpp in Sources */,
				006AA39A22E85511002E7465 /* create_exclusion_list.cpp in Sources */,
				003E0274222ABC3E009E9648 /* Actin_MD_Evolution.cpp in Sources */,
				00D81EEC2248D01F002E7C8F /* check.cpp in Sources */,
				008B6ECC21BA7DA500EB29DA /* Chromatin_Thermostat.cpp in Sources */,
				00D81EFC2248D055002E7C8F /* Membrane_triangle_pair_identifier.cpp in Sources */,
				00DB51E121B83B0C00629C14 /* write_functions.cpp in Sources */,
				0099D53A213FDBFC0058EC3B /* ECM.cpp in Sources */,
				003E0278222BC22F009E9648 /* Actin_Thermostat.cpp in Sources */,
				00447D312253A3620081C2B7 /* Membrane_Rescale.cpp in Sources */,
				00D81EFA2248D055002E7C8F /* Membrane_node_neighbour_list.cpp in Sources */,
				0099D546213FDBFC0058EC3B /* ConstantSurfaceForceLocalTriangles.cpp in Sources */,
				00BF194F22AFFA8B002369CF /* conv_tri_info_to_openmm.cpp in Sources */,
				0099D53D213FDBFC0058EC3B /* General_functions.cpp in Sources */,
				00CC460621B00A50006D11E9 /* Membrane_Thermostat.cpp in Sources */,
				0099D543213FDBFC0058EC3B /* Interaction_functions.cpp in Sources */,
				006A322C2329660A00300962 /* print_time.cpp in Sources */,
				008B6ECE21C007D700EB29DA /* Chromatin_hard_sphere_force.cpp in Sources */,
				008B6ECA21BA7B6A00EB29DA /* Chromatin_spring_force.cpp in Sources */,
				008B6EC821BA7AC500EB29DA /* Elastic_Force_Calculator.cpp in Sources */,
				00BF194822AF9604002369CF /* conv_bond_info_to_openmm.cpp in Sources */,
				003E026122285718009E9648 /* Actin_config.cpp in Sources */,
				003E026C22296AF3009E9648 /* Membrane_Actin_shared_Node_Identifier.cpp in Sources */,
				0014A4FC218B634F00D2011A /* map_constructors.cpp in Sources */,
				00E42E9522087D7000FA7DD1 /* Global_functions.cpp in Sources */,
				00574B592300099800CC76D3 /* ECM_OpenMM.cpp in Sources */,
				41C00720235F485D00ADA846 /* set_dihedral_forces.cpp in Sources */,
				00574B5B230009C700CC76D3 /* Membrane_OpenMM.cpp in Sources */,
				0099D537213FDBFC0058EC3B /* Membrane_MD_Evolution.cpp in Sources */,
				0099D542213FDBFC0058EC3B /* ECM_read_functions.cpp in Sources */,
				00D81EFB2248D055002E7C8F /* Membrane_triangle_pair_counter.cpp in Sources */,
				00DB51D921B803D200629C14 /* Chromatin_config.cpp in Sources */,
				003E0276222ABF1D009E9648 /* Actin_Membrane_shared_Node_Force_calculator.cpp in Sources */,
			);
			runOnlyForDeploymentPostprocessing = 0;
		};
/* End PBXSourcesBuildPhase section */

/* Begin XCBuildConfiguration section */
		0099D4D5213FD9C80058EC3B /* Debug */ = {
			isa = XCBuildConfiguration;
			buildSettings = {
				ALWAYS_SEARCH_USER_PATHS = NO;
				CLANG_ANALYZER_NONNULL = YES;
				CLANG_ANALYZER_NUMBER_OBJECT_CONVERSION = YES_AGGRESSIVE;
				CLANG_CXX_LANGUAGE_STANDARD = "c++14";
				CLANG_CXX_LIBRARY = "libc++";
				CLANG_ENABLE_MODULES = YES;
				CLANG_ENABLE_OBJC_ARC = YES;
				CLANG_ENABLE_OBJC_WEAK = YES;
				CLANG_WARN_BLOCK_CAPTURE_AUTORELEASING = YES;
				CLANG_WARN_BOOL_CONVERSION = YES;
				CLANG_WARN_COMMA = YES;
				CLANG_WARN_CONSTANT_CONVERSION = YES;
				CLANG_WARN_DEPRECATED_OBJC_IMPLEMENTATIONS = YES;
				CLANG_WARN_DIRECT_OBJC_ISA_USAGE = YES_ERROR;
				CLANG_WARN_DOCUMENTATION_COMMENTS = YES;
				CLANG_WARN_EMPTY_BODY = YES;
				CLANG_WARN_ENUM_CONVERSION = YES;
				CLANG_WARN_INFINITE_RECURSION = YES;
				CLANG_WARN_INT_CONVERSION = YES;
				CLANG_WARN_NON_LITERAL_NULL_CONVERSION = YES;
				CLANG_WARN_OBJC_IMPLICIT_RETAIN_SELF = YES;
				CLANG_WARN_OBJC_LITERAL_CONVERSION = YES;
				CLANG_WARN_OBJC_ROOT_CLASS = YES_ERROR;
				CLANG_WARN_RANGE_LOOP_ANALYSIS = YES;
				CLANG_WARN_STRICT_PROTOTYPES = YES;
				CLANG_WARN_SUSPICIOUS_MOVE = YES;
				CLANG_WARN_UNGUARDED_AVAILABILITY = YES_AGGRESSIVE;
				CLANG_WARN_UNREACHABLE_CODE = YES;
				CLANG_WARN__DUPLICATE_METHOD_MATCH = YES;
				CODE_SIGN_IDENTITY = "-";
				COPY_PHASE_STRIP = NO;
				DEBUG_INFORMATION_FORMAT = dwarf;
				ENABLE_STRICT_OBJC_MSGSEND = YES;
				ENABLE_TESTABILITY = YES;
				GCC_C_LANGUAGE_STANDARD = gnu11;
				GCC_DYNAMIC_NO_PIC = NO;
				GCC_NO_COMMON_BLOCKS = YES;
				GCC_OPTIMIZATION_LEVEL = 2;
				GCC_PREPROCESSOR_DEFINITIONS = (
					"DEBUG=1",
					"$(inherited)",
				);
				GCC_WARN_64_TO_32_BIT_CONVERSION = YES;
				GCC_WARN_ABOUT_RETURN_TYPE = YES_ERROR;
				GCC_WARN_UNDECLARED_SELECTOR = YES;
				GCC_WARN_UNINITIALIZED_AUTOS = YES_AGGRESSIVE;
				GCC_WARN_UNUSED_FUNCTION = YES;
				GCC_WARN_UNUSED_VARIABLE = YES;
				MACOSX_DEPLOYMENT_TARGET = 10.15;
				MTL_ENABLE_DEBUG_INFO = YES;
				ONLY_ACTIVE_ARCH = YES;
				SDKROOT = macosx;
			};
			name = Debug;
		};
		0099D4D6213FD9C80058EC3B /* Release */ = {
			isa = XCBuildConfiguration;
			buildSettings = {
				ALWAYS_SEARCH_USER_PATHS = NO;
				CLANG_ANALYZER_NONNULL = YES;
				CLANG_ANALYZER_NUMBER_OBJECT_CONVERSION = YES_AGGRESSIVE;
				CLANG_CXX_LANGUAGE_STANDARD = "c++14";
				CLANG_CXX_LIBRARY = "libc++";
				CLANG_ENABLE_MODULES = YES;
				CLANG_ENABLE_OBJC_ARC = YES;
				CLANG_ENABLE_OBJC_WEAK = YES;
				CLANG_WARN_BLOCK_CAPTURE_AUTORELEASING = YES;
				CLANG_WARN_BOOL_CONVERSION = YES;
				CLANG_WARN_COMMA = YES;
				CLANG_WARN_CONSTANT_CONVERSION = YES;
				CLANG_WARN_DEPRECATED_OBJC_IMPLEMENTATIONS = YES;
				CLANG_WARN_DIRECT_OBJC_ISA_USAGE = YES_ERROR;
				CLANG_WARN_DOCUMENTATION_COMMENTS = YES;
				CLANG_WARN_EMPTY_BODY = YES;
				CLANG_WARN_ENUM_CONVERSION = YES;
				CLANG_WARN_INFINITE_RECURSION = YES;
				CLANG_WARN_INT_CONVERSION = YES;
				CLANG_WARN_NON_LITERAL_NULL_CONVERSION = YES;
				CLANG_WARN_OBJC_IMPLICIT_RETAIN_SELF = YES;
				CLANG_WARN_OBJC_LITERAL_CONVERSION = YES;
				CLANG_WARN_OBJC_ROOT_CLASS = YES_ERROR;
				CLANG_WARN_RANGE_LOOP_ANALYSIS = YES;
				CLANG_WARN_STRICT_PROTOTYPES = YES;
				CLANG_WARN_SUSPICIOUS_MOVE = YES;
				CLANG_WARN_UNGUARDED_AVAILABILITY = YES_AGGRESSIVE;
				CLANG_WARN_UNREACHABLE_CODE = YES;
				CLANG_WARN__DUPLICATE_METHOD_MATCH = YES;
				CODE_SIGN_IDENTITY = "-";
				COPY_PHASE_STRIP = NO;
				DEBUG_INFORMATION_FORMAT = "dwarf-with-dsym";
				ENABLE_NS_ASSERTIONS = NO;
				ENABLE_STRICT_OBJC_MSGSEND = YES;
				GCC_C_LANGUAGE_STANDARD = gnu11;
				GCC_NO_COMMON_BLOCKS = YES;
				GCC_WARN_64_TO_32_BIT_CONVERSION = YES;
				GCC_WARN_ABOUT_RETURN_TYPE = YES_ERROR;
				GCC_WARN_UNDECLARED_SELECTOR = YES;
				GCC_WARN_UNINITIALIZED_AUTOS = YES_AGGRESSIVE;
				GCC_WARN_UNUSED_FUNCTION = YES;
				GCC_WARN_UNUSED_VARIABLE = YES;
				MACOSX_DEPLOYMENT_TARGET = 10.15;
				MTL_ENABLE_DEBUG_INFO = NO;
				SDKROOT = macosx;
			};
			name = Release;
		};
		0099D4D8213FD9C80058EC3B /* Debug */ = {
			isa = XCBuildConfiguration;
			buildSettings = {
				CLANG_CXX_LANGUAGE_STANDARD = "c++0x";
				CODE_SIGN_STYLE = Automatic;
				GCC_OPTIMIZATION_LEVEL = 2;
				HEADER_SEARCH_PATHS = /usr/local/openmm/include;
				LIBRARY_SEARCH_PATHS = /usr/local/openmm/lib;
				PRODUCT_NAME = "$(TARGET_NAME)";
			};
			name = Debug;
		};
		0099D4D9213FD9C80058EC3B /* Release */ = {
			isa = XCBuildConfiguration;
			buildSettings = {
				CLANG_CXX_LANGUAGE_STANDARD = "c++0x";
				CODE_SIGN_STYLE = Automatic;
				HEADER_SEARCH_PATHS = /usr/local/openmm/include;
				LIBRARY_SEARCH_PATHS = /usr/local/openmm/lib;
				PRODUCT_NAME = "$(TARGET_NAME)";
			};
			name = Release;
		};
/* End XCBuildConfiguration section */

/* Begin XCConfigurationList section */
		0099D4CB213FD9C80058EC3B /* Build configuration list for PBXProject "Membrae" */ = {
			isa = XCConfigurationList;
			buildConfigurations = (
				0099D4D5213FD9C80058EC3B /* Debug */,
				0099D4D6213FD9C80058EC3B /* Release */,
			);
			defaultConfigurationIsVisible = 0;
			defaultConfigurationName = Release;
		};
		0099D4D7213FD9C80058EC3B /* Build configuration list for PBXNativeTarget "Membrae" */ = {
			isa = XCConfigurationList;
			buildConfigurations = (
				0099D4D8213FD9C80058EC3B /* Debug */,
				0099D4D9213FD9C80058EC3B /* Release */,
			);
			defaultConfigurationIsVisible = 0;
			defaultConfigurationName = Release;
		};
/* End XCConfigurationList section */
	};
	rootObject = 0099D4C8213FD9C80058EC3B /* Project object */;
}
