// !$*UTF8*$!
{
	archiveVersion = 1;
	classes = {
	};
	objectVersion = 48;
	objects = {

/* Begin PBXBuildFile section */
		00209533212BE27B0047178C /* Membrane_node_neighbour_list.cpp in Sources */ = {isa = PBXBuildFile; fileRef = 00209532212BE27B0047178C /* Membrane_node_neighbour_list.cpp */; };
		00209535212BEC000047178C /* neighbour_pool_constructor.cpp in Sources */ = {isa = PBXBuildFile; fileRef = 00209534212BEC000047178C /* neighbour_pool_constructor.cpp */; };
		00209537212D48CD0047178C /* Interaction_functions.cpp in Sources */ = {isa = PBXBuildFile; fileRef = 00209536212D48CD0047178C /* Interaction_functions.cpp */; };
		00209539212D491D0047178C /* interaction_neighbour_list_updaters.cpp in Sources */ = {isa = PBXBuildFile; fileRef = 00209538212D491D0047178C /* interaction_neighbour_list_updaters.cpp */; };
		0020953B212D49E00047178C /* triangle_interaction_neighbour_list_updaters.cpp in Sources */ = {isa = PBXBuildFile; fileRef = 0020953A212D49E00047178C /* triangle_interaction_neighbour_list_updaters.cpp */; };
		0029803F2127731200FD2491 /* ECM.cpp in Sources */ = {isa = PBXBuildFile; fileRef = 0029803D2127731200FD2491 /* ECM.cpp */; };
		00298041212778CD00FD2491 /* ECM_read_functions.cpp in Sources */ = {isa = PBXBuildFile; fileRef = 00298040212778CD00FD2491 /* ECM_read_functions.cpp */; };
		0029804321277D4100FD2491 /* ECM_Normal_direction_Identifier.cpp in Sources */ = {isa = PBXBuildFile; fileRef = 0029804221277D4100FD2491 /* ECM_Normal_direction_Identifier.cpp */; };
		002980462127FB6900FD2491 /* ECM_Node_Pair_Identifier.cpp in Sources */ = {isa = PBXBuildFile; fileRef = 002980442127FB6900FD2491 /* ECM_Node_Pair_Identifier.cpp */; };
		0029804921293BA900FD2491 /* write_functions.cpp in Sources */ = {isa = PBXBuildFile; fileRef = 0029804721293BA900FD2491 /* write_functions.cpp */; };
		0029804F2129479F00FD2491 /* Membrane_spring_force.cpp in Sources */ = {isa = PBXBuildFile; fileRef = 0029804D2129479F00FD2491 /* Membrane_spring_force.cpp */; };
		0029805121294FA200FD2491 /* Membrane_node_pair_identifier.cpp in Sources */ = {isa = PBXBuildFile; fileRef = 0029805021294FA200FD2491 /* Membrane_node_pair_identifier.cpp */; };
		00298053212954F700FD2491 /* Membrane_bend_force.cpp in Sources */ = {isa = PBXBuildFile; fileRef = 00298052212954F700FD2491 /* Membrane_bend_force.cpp */; };
		00298055212956C100FD2491 /* check.cpp in Sources */ = {isa = PBXBuildFile; fileRef = 00298054212956C100FD2491 /* check.cpp */; };
		0029805C21295DBB00FD2491 /* interaction.cpp in Sources */ = {isa = PBXBuildFile; fileRef = 0029805A21295DBB00FD2491 /* interaction.cpp */; };
		0029805E21295FB400FD2491 /* Membrane_triangle_pair_identifier.cpp in Sources */ = {isa = PBXBuildFile; fileRef = 0029805D21295FB400FD2491 /* Membrane_triangle_pair_identifier.cpp */; };
		00C6949E20FB6D8A00296C9A /* Membrane_normal_direction_identifier.cpp in Sources */ = {isa = PBXBuildFile; fileRef = 00C6949020FB6D8900296C9A /* Membrane_normal_direction_identifier.cpp */; };
		00C6949F20FB6D8A00296C9A /* Average_Membrane_Node_Distance.cpp in Sources */ = {isa = PBXBuildFile; fileRef = 00C6949120FB6D8900296C9A /* Average_Membrane_Node_Distance.cpp */; };
		00C694A020FB6D8A00296C9A /* Membrane_triangle_pair_counter.cpp in Sources */ = {isa = PBXBuildFile; fileRef = 00C6949220FB6D8900296C9A /* Membrane_triangle_pair_counter.cpp */; };
		00C694A120FB6D8A00296C9A /* Membrane_read_functions.cpp in Sources */ = {isa = PBXBuildFile; fileRef = 00C6949320FB6D8900296C9A /* Membrane_read_functions.cpp */; };
		00C694A220FB6D8A00296C9A /* Membrane_Triangle_Pair_and_Edges_Identifier.cpp in Sources */ = {isa = PBXBuildFile; fileRef = 00C6949420FB6D8900296C9A /* Membrane_Triangle_Pair_and_Edges_Identifier.cpp */; };
		00C694A320FB6D8A00296C9A /* Membrane_num_of_Node_Pair_Counter.cpp in Sources */ = {isa = PBXBuildFile; fileRef = 00C6949620FB6D8900296C9A /* Membrane_num_of_Node_Pair_Counter.cpp */; };
		00C694A420FB6D8A00296C9A /* Membrane_MD_Evolution.cpp in Sources */ = {isa = PBXBuildFile; fileRef = 00C6949720FB6D8900296C9A /* Membrane_MD_Evolution.cpp */; };
		00C694A520FB6D8A00296C9A /* ConstantSurfaceForceLocalTriangles.cpp in Sources */ = {isa = PBXBuildFile; fileRef = 00C6949820FB6D8900296C9A /* ConstantSurfaceForceLocalTriangles.cpp */; };
		00C694A620FB6D8A00296C9A /* General_functions.cpp in Sources */ = {isa = PBXBuildFile; fileRef = 00C6949A20FB6D8A00296C9A /* General_functions.cpp */; };
		00C694A720FB6D8A00296C9A /* Elastic_Force_Calculator.cpp in Sources */ = {isa = PBXBuildFile; fileRef = 00C6949B20FB6D8A00296C9A /* Elastic_Force_Calculator.cpp */; };
		00C694A820FB6D8A00296C9A /* Membrane_num_of_Node_Pair_Counter_2.cpp in Sources */ = {isa = PBXBuildFile; fileRef = 00C6949D20FB6D8A00296C9A /* Membrane_num_of_Node_Pair_Counter_2.cpp */; };
		00C694AA20FB6DA300296C9A /* main.cpp in Sources */ = {isa = PBXBuildFile; fileRef = 00C694A920FB6DA300296C9A /* main.cpp */; };
/* End PBXBuildFile section */

/* Begin PBXCopyFilesBuildPhase section */
		00C6948420FB6D7100296C9A /* CopyFiles */ = {
			isa = PBXCopyFilesBuildPhase;
			buildActionMask = 2147483647;
			dstPath = /usr/share/man/man1/;
			dstSubfolderSpec = 0;
			files = (
			);
			runOnlyForDeploymentPostprocessing = 1;
		};
/* End PBXCopyFilesBuildPhase section */

/* Begin PBXFileReference section */
		00209532212BE27B0047178C /* Membrane_node_neighbour_list.cpp */ = {isa = PBXFileReference; lastKnownFileType = sourcecode.cpp.cpp; name = Membrane_node_neighbour_list.cpp; path = ../../Membrane_node_neighbour_list.cpp; sourceTree = "<group>"; };
		00209534212BEC000047178C /* neighbour_pool_constructor.cpp */ = {isa = PBXFileReference; lastKnownFileType = sourcecode.cpp.cpp; path = neighbour_pool_constructor.cpp; sourceTree = "<group>"; };
		00209536212D48CD0047178C /* Interaction_functions.cpp */ = {isa = PBXFileReference; lastKnownFileType = sourcecode.cpp.cpp; name = Interaction_functions.cpp; path = ../../interaction/Interaction_functions.cpp; sourceTree = "<group>"; };
		00209538212D491D0047178C /* interaction_neighbour_list_updaters.cpp */ = {isa = PBXFileReference; lastKnownFileType = sourcecode.cpp.cpp; name = interaction_neighbour_list_updaters.cpp; path = ../../interaction/interaction_neighbour_list_updaters.cpp; sourceTree = "<group>"; };
		0020953A212D49E00047178C /* triangle_interaction_neighbour_list_updaters.cpp */ = {isa = PBXFileReference; lastKnownFileType = sourcecode.cpp.cpp; name = triangle_interaction_neighbour_list_updaters.cpp; path = ../../interaction/triangle_interaction_neighbour_list_updaters.cpp; sourceTree = "<group>"; };
		0029803D2127731200FD2491 /* ECM.cpp */ = {isa = PBXFileReference; lastKnownFileType = sourcecode.cpp.cpp; name = ECM.cpp; path = ../../../ECM/ECM.cpp; sourceTree = "<group>"; };
		0029803E2127731200FD2491 /* ECM.hpp */ = {isa = PBXFileReference; lastKnownFileType = sourcecode.cpp.h; name = ECM.hpp; path = ../../../ECM/ECM.hpp; sourceTree = "<group>"; };
		00298040212778CD00FD2491 /* ECM_read_functions.cpp */ = {isa = PBXFileReference; lastKnownFileType = sourcecode.cpp.cpp; name = ECM_read_functions.cpp; path = ../../../ECM/ECM_read_functions.cpp; sourceTree = "<group>"; };
		0029804221277D4100FD2491 /* ECM_Normal_direction_Identifier.cpp */ = {isa = PBXFileReference; lastKnownFileType = sourcecode.cpp.cpp; name = ECM_Normal_direction_Identifier.cpp; path = ../../../ECM/ECM_Normal_direction_Identifier.cpp; sourceTree = "<group>"; };
		002980442127FB6900FD2491 /* ECM_Node_Pair_Identifier.cpp */ = {isa = PBXFileReference; lastKnownFileType = sourcecode.cpp.cpp; name = ECM_Node_Pair_Identifier.cpp; path = ../../../ECM/ECM_Node_Pair_Identifier.cpp; sourceTree = "<group>"; };
		0029804721293BA900FD2491 /* write_functions.cpp */ = {isa = PBXFileReference; lastKnownFileType = sourcecode.cpp.cpp; name = write_functions.cpp; path = ../../write_functions.cpp; sourceTree = "<group>"; };
		0029804821293BA900FD2491 /* write_functions.hpp */ = {isa = PBXFileReference; lastKnownFileType = sourcecode.cpp.h; name = write_functions.hpp; path = ../../write_functions.hpp; sourceTree = "<group>"; };
		0029804D2129479F00FD2491 /* Membrane_spring_force.cpp */ = {isa = PBXFileReference; lastKnownFileType = sourcecode.cpp.cpp; name = Membrane_spring_force.cpp; path = ../../../Membrane_spring_forces/Membrane_spring_force.cpp; sourceTree = "<group>"; };
		0029805021294FA200FD2491 /* Membrane_node_pair_identifier.cpp */ = {isa = PBXFileReference; lastKnownFileType = sourcecode.cpp.cpp; name = Membrane_node_pair_identifier.cpp; path = ../../Membrane_node_pair_identifier.cpp; sourceTree = "<group>"; };
		00298052212954F700FD2491 /* Membrane_bend_force.cpp */ = {isa = PBXFileReference; lastKnownFileType = sourcecode.cpp.cpp; path = Membrane_bend_force.cpp; sourceTree = "<group>"; };
		00298054212956C100FD2491 /* check.cpp */ = {isa = PBXFileReference; lastKnownFileType = sourcecode.cpp.cpp; path = check.cpp; sourceTree = "<group>"; };
		0029805A21295DBB00FD2491 /* interaction.cpp */ = {isa = PBXFileReference; lastKnownFileType = sourcecode.cpp.cpp; path = interaction.cpp; sourceTree = "<group>"; };
		0029805B21295DBB00FD2491 /* interaction.hpp */ = {isa = PBXFileReference; lastKnownFileType = sourcecode.cpp.h; path = interaction.hpp; sourceTree = "<group>"; };
		0029805D21295FB400FD2491 /* Membrane_triangle_pair_identifier.cpp */ = {isa = PBXFileReference; lastKnownFileType = sourcecode.cpp.cpp; name = Membrane_triangle_pair_identifier.cpp; path = ../../Membrane_triangle_pair_identifier.cpp; sourceTree = "<group>"; };
		00C6948620FB6D7100296C9A /* Mem */ = {isa = PBXFileReference; explicitFileType = "compiled.mach-o.executable"; includeInIndex = 0; path = Mem; sourceTree = BUILT_PRODUCTS_DIR; };
		00C6949020FB6D8900296C9A /* Membrane_normal_direction_identifier.cpp */ = {isa = PBXFileReference; lastKnownFileType = sourcecode.cpp.cpp; name = Membrane_normal_direction_identifier.cpp; path = ../../Membrane_normal_direction_identifier.cpp; sourceTree = "<group>"; };
		00C6949120FB6D8900296C9A /* Average_Membrane_Node_Distance.cpp */ = {isa = PBXFileReference; lastKnownFileType = sourcecode.cpp.cpp; name = Average_Membrane_Node_Distance.cpp; path = ../../Average_Membrane_Node_Distance.cpp; sourceTree = "<group>"; };
		00C6949220FB6D8900296C9A /* Membrane_triangle_pair_counter.cpp */ = {isa = PBXFileReference; lastKnownFileType = sourcecode.cpp.cpp; name = Membrane_triangle_pair_counter.cpp; path = ../../Membrane_triangle_pair_counter.cpp; sourceTree = "<group>"; };
		00C6949320FB6D8900296C9A /* Membrane_read_functions.cpp */ = {isa = PBXFileReference; lastKnownFileType = sourcecode.cpp.cpp; name = Membrane_read_functions.cpp; path = ../../Membrane_read_functions.cpp; sourceTree = "<group>"; };
		00C6949420FB6D8900296C9A /* Membrane_Triangle_Pair_and_Edges_Identifier.cpp */ = {isa = PBXFileReference; lastKnownFileType = sourcecode.cpp.cpp; name = Membrane_Triangle_Pair_and_Edges_Identifier.cpp; path = ../../Membrane_Triangle_Pair_and_Edges_Identifier.cpp; sourceTree = "<group>"; };
		00C6949520FB6D8900296C9A /* General_functions.hpp */ = {isa = PBXFileReference; lastKnownFileType = sourcecode.cpp.h; name = General_functions.hpp; path = ../../General_functions.hpp; sourceTree = "<group>"; };
		00C6949620FB6D8900296C9A /* Membrane_num_of_Node_Pair_Counter.cpp */ = {isa = PBXFileReference; lastKnownFileType = sourcecode.cpp.cpp; name = Membrane_num_of_Node_Pair_Counter.cpp; path = ../../Membrane_num_of_Node_Pair_Counter.cpp; sourceTree = "<group>"; };
		00C6949720FB6D8900296C9A /* Membrane_MD_Evolution.cpp */ = {isa = PBXFileReference; lastKnownFileType = sourcecode.cpp.cpp; name = Membrane_MD_Evolution.cpp; path = ../../Membrane_MD_Evolution.cpp; sourceTree = "<group>"; };
		00C6949820FB6D8900296C9A /* ConstantSurfaceForceLocalTriangles.cpp */ = {isa = PBXFileReference; lastKnownFileType = sourcecode.cpp.cpp; name = ConstantSurfaceForceLocalTriangles.cpp; path = ../../ConstantSurfaceForceLocalTriangles.cpp; sourceTree = "<group>"; };
		00C6949920FB6D8A00296C9A /* General_constants.h */ = {isa = PBXFileReference; lastKnownFileType = sourcecode.c.h; name = General_constants.h; path = ../../General_constants.h; sourceTree = "<group>"; };
		00C6949A20FB6D8A00296C9A /* General_functions.cpp */ = {isa = PBXFileReference; lastKnownFileType = sourcecode.cpp.cpp; name = General_functions.cpp; path = ../../General_functions.cpp; sourceTree = "<group>"; };
		00C6949B20FB6D8A00296C9A /* Elastic_Force_Calculator.cpp */ = {isa = PBXFileReference; lastKnownFileType = sourcecode.cpp.cpp; name = Elastic_Force_Calculator.cpp; path = ../../Elastic_Force_Calculator.cpp; sourceTree = "<group>"; };
		00C6949C20FB6D8A00296C9A /* Membrane.h */ = {isa = PBXFileReference; lastKnownFileType = sourcecode.c.h; name = Membrane.h; path = ../../Membrane.h; sourceTree = "<group>"; };
		00C6949D20FB6D8A00296C9A /* Membrane_num_of_Node_Pair_Counter_2.cpp */ = {isa = PBXFileReference; lastKnownFileType = sourcecode.cpp.cpp; name = Membrane_num_of_Node_Pair_Counter_2.cpp; path = ../../Membrane_num_of_Node_Pair_Counter_2.cpp; sourceTree = "<group>"; };
		00C694A920FB6DA300296C9A /* main.cpp */ = {isa = PBXFileReference; lastKnownFileType = sourcecode.cpp.cpp; name = main.cpp; path = ../../main.cpp; sourceTree = "<group>"; };
/* End PBXFileReference section */

/* Begin PBXFrameworksBuildPhase section */
		00C6948320FB6D7100296C9A /* Frameworks */ = {
			isa = PBXFrameworksBuildPhase;
			buildActionMask = 2147483647;
			files = (
			);
			runOnlyForDeploymentPostprocessing = 0;
		};
/* End PBXFrameworksBuildPhase section */

/* Begin PBXGroup section */
		0029803C212772CA00FD2491 /* ECM */ = {
			isa = PBXGroup;
			children = (
				0029803E2127731200FD2491 /* ECM.hpp */,
				0029803D2127731200FD2491 /* ECM.cpp */,
				00298040212778CD00FD2491 /* ECM_read_functions.cpp */,
				0029804221277D4100FD2491 /* ECM_Normal_direction_Identifier.cpp */,
				002980442127FB6900FD2491 /* ECM_Node_Pair_Identifier.cpp */,
			);
			path = ECM;
			sourceTree = "<group>";
		};
		0029804C2129476800FD2491 /* Membrane_forces */ = {
			isa = PBXGroup;
			children = (
				0029804D2129479F00FD2491 /* Membrane_spring_force.cpp */,
				00298052212954F700FD2491 /* Membrane_bend_force.cpp */,
			);
			path = Membrane_forces;
			sourceTree = "<group>";
		};
		0029805921295C6400FD2491 /* interaction */ = {
			isa = PBXGroup;
			children = (
				00209534212BEC000047178C /* neighbour_pool_constructor.cpp */,
				0029805A21295DBB00FD2491 /* interaction.cpp */,
				0020953A212D49E00047178C /* triangle_interaction_neighbour_list_updaters.cpp */,
				00209538212D491D0047178C /* interaction_neighbour_list_updaters.cpp */,
				00209536212D48CD0047178C /* Interaction_functions.cpp */,
				0029805B21295DBB00FD2491 /* interaction.hpp */,
			);
			name = interaction;
			sourceTree = "<group>";
		};
		00C6947D20FB6D7100296C9A = {
			isa = PBXGroup;
			children = (
				00C6948820FB6D7100296C9A /* Mem */,
				00C6948720FB6D7100296C9A /* Products */,
			);
			sourceTree = "<group>";
		};
		00C6948720FB6D7100296C9A /* Products */ = {
			isa = PBXGroup;
			children = (
				00C6948620FB6D7100296C9A /* Mem */,
			);
			name = Products;
			sourceTree = "<group>";
		};
		00C6948820FB6D7100296C9A /* Mem */ = {
			isa = PBXGroup;
			children = (
				00298054212956C100FD2491 /* check.cpp */,
				0029804C2129476800FD2491 /* Membrane_forces */,
				00C694A920FB6DA300296C9A /* main.cpp */,
				0029804721293BA900FD2491 /* write_functions.cpp */,
				0029804821293BA900FD2491 /* write_functions.hpp */,
				0029803C212772CA00FD2491 /* ECM */,
				00C6949120FB6D8900296C9A /* Average_Membrane_Node_Distance.cpp */,
				00C6949820FB6D8900296C9A /* ConstantSurfaceForceLocalTriangles.cpp */,
				00C6949B20FB6D8A00296C9A /* Elastic_Force_Calculator.cpp */,
				00C6949920FB6D8A00296C9A /* General_constants.h */,
				0029805921295C6400FD2491 /* interaction */,
				00C6949A20FB6D8A00296C9A /* General_functions.cpp */,
				00C6949520FB6D8900296C9A /* General_functions.hpp */,
				00C6949720FB6D8900296C9A /* Membrane_MD_Evolution.cpp */,
				00C6949020FB6D8900296C9A /* Membrane_normal_direction_identifier.cpp */,
				00C6949D20FB6D8A00296C9A /* Membrane_num_of_Node_Pair_Counter_2.cpp */,
				00C6949620FB6D8900296C9A /* Membrane_num_of_Node_Pair_Counter.cpp */,
				00C6949320FB6D8900296C9A /* Membrane_read_functions.cpp */,
				00C6949420FB6D8900296C9A /* Membrane_Triangle_Pair_and_Edges_Identifier.cpp */,
				0029805D21295FB400FD2491 /* Membrane_triangle_pair_identifier.cpp */,
				0029805021294FA200FD2491 /* Membrane_node_pair_identifier.cpp */,
				00C6949220FB6D8900296C9A /* Membrane_triangle_pair_counter.cpp */,
				00209532212BE27B0047178C /* Membrane_node_neighbour_list.cpp */,
				00C6949C20FB6D8A00296C9A /* Membrane.h */,
			);
			path = Mem;
			sourceTree = "<group>";
		};
/* End PBXGroup section */

/* Begin PBXNativeTarget section */
		00C6948520FB6D7100296C9A /* Mem */ = {
			isa = PBXNativeTarget;
			buildConfigurationList = 00C6948D20FB6D7100296C9A /* Build configuration list for PBXNativeTarget "Mem" */;
			buildPhases = (
				00C6948220FB6D7100296C9A /* Sources */,
				00C6948320FB6D7100296C9A /* Frameworks */,
				00C6948420FB6D7100296C9A /* CopyFiles */,
			);
			buildRules = (
			);
			dependencies = (
			);
			name = Mem;
			productName = Mem;
			productReference = 00C6948620FB6D7100296C9A /* Mem */;
			productType = "com.apple.product-type.tool";
		};
/* End PBXNativeTarget section */

/* Begin PBXProject section */
		00C6947E20FB6D7100296C9A /* Project object */ = {
			isa = PBXProject;
			attributes = {
				LastUpgradeCheck = 0900;
				ORGANIZATIONNAME = "Ali Farnudi";
				TargetAttributes = {
					00C6948520FB6D7100296C9A = {
						CreatedOnToolsVersion = 9.0;
						ProvisioningStyle = Automatic;
					};
				};
			};
			buildConfigurationList = 00C6948120FB6D7100296C9A /* Build configuration list for PBXProject "Mem" */;
			compatibilityVersion = "Xcode 8.0";
			developmentRegion = en;
			hasScannedForEncodings = 0;
			knownRegions = (
				en,
			);
			mainGroup = 00C6947D20FB6D7100296C9A;
			productRefGroup = 00C6948720FB6D7100296C9A /* Products */;
			projectDirPath = "";
			projectRoot = "";
			targets = (
				00C6948520FB6D7100296C9A /* Mem */,
			);
		};
/* End PBXProject section */

/* Begin PBXSourcesBuildPhase section */
		00C6948220FB6D7100296C9A /* Sources */ = {
			isa = PBXSourcesBuildPhase;
			buildActionMask = 2147483647;
			files = (
				00C6949E20FB6D8A00296C9A /* Membrane_normal_direction_identifier.cpp in Sources */,
				0029804F2129479F00FD2491 /* Membrane_spring_force.cpp in Sources */,
				00C694A020FB6D8A00296C9A /* Membrane_triangle_pair_counter.cpp in Sources */,
				00C694AA20FB6DA300296C9A /* main.cpp in Sources */,
				00209537212D48CD0047178C /* Interaction_functions.cpp in Sources */,
				0029805C21295DBB00FD2491 /* interaction.cpp in Sources */,
				0029805121294FA200FD2491 /* Membrane_node_pair_identifier.cpp in Sources */,
				00298053212954F700FD2491 /* Membrane_bend_force.cpp in Sources */,
				00298055212956C100FD2491 /* check.cpp in Sources */,
				00C694A520FB6D8A00296C9A /* ConstantSurfaceForceLocalTriangles.cpp in Sources */,
				002980462127FB6900FD2491 /* ECM_Node_Pair_Identifier.cpp in Sources */,
				0029803F2127731200FD2491 /* ECM.cpp in Sources */,
				00C694A220FB6D8A00296C9A /* Membrane_Triangle_Pair_and_Edges_Identifier.cpp in Sources */,
				00C6949F20FB6D8A00296C9A /* Average_Membrane_Node_Distance.cpp in Sources */,
				00C694A120FB6D8A00296C9A /* Membrane_read_functions.cpp in Sources */,
				0029805E21295FB400FD2491 /* Membrane_triangle_pair_identifier.cpp in Sources */,
				00C694A620FB6D8A00296C9A /* General_functions.cpp in Sources */,
				0029804921293BA900FD2491 /* write_functions.cpp in Sources */,
				00298041212778CD00FD2491 /* ECM_read_functions.cpp in Sources */,
				0029804321277D4100FD2491 /* ECM_Normal_direction_Identifier.cpp in Sources */,
				00209535212BEC000047178C /* neighbour_pool_constructor.cpp in Sources */,
				00C694A420FB6D8A00296C9A /* Membrane_MD_Evolution.cpp in Sources */,
				00209533212BE27B0047178C /* Membrane_node_neighbour_list.cpp in Sources */,
				00209539212D491D0047178C /* interaction_neighbour_list_updaters.cpp in Sources */,
				00C694A720FB6D8A00296C9A /* Elastic_Force_Calculator.cpp in Sources */,
				00C694A820FB6D8A00296C9A /* Membrane_num_of_Node_Pair_Counter_2.cpp in Sources */,
				0020953B212D49E00047178C /* triangle_interaction_neighbour_list_updaters.cpp in Sources */,
				00C694A320FB6D8A00296C9A /* Membrane_num_of_Node_Pair_Counter.cpp in Sources */,
			);
			runOnlyForDeploymentPostprocessing = 0;
		};
/* End PBXSourcesBuildPhase section */

/* Begin XCBuildConfiguration section */
		00C6948B20FB6D7100296C9A /* Debug */ = {
			isa = XCBuildConfiguration;
			buildSettings = {
				ALWAYS_SEARCH_USER_PATHS = NO;
				CLANG_ANALYZER_NONNULL = YES;
				CLANG_ANALYZER_NUMBER_OBJECT_CONVERSION = YES_AGGRESSIVE;
				CLANG_CXX_LANGUAGE_STANDARD = "gnu++14";
				CLANG_CXX_LIBRARY = "libc++";
				CLANG_ENABLE_MODULES = YES;
				CLANG_ENABLE_OBJC_ARC = YES;
				CLANG_WARN_BLOCK_CAPTURE_AUTORELEASING = YES;
				CLANG_WARN_BOOL_CONVERSION = YES;
				CLANG_WARN_COMMA = YES;
				CLANG_WARN_CONSTANT_CONVERSION = YES;
				CLANG_WARN_DIRECT_OBJC_ISA_USAGE = YES_ERROR;
				CLANG_WARN_DOCUMENTATION_COMMENTS = YES;
				CLANG_WARN_EMPTY_BODY = YES;
				CLANG_WARN_ENUM_CONVERSION = YES;
				CLANG_WARN_INFINITE_RECURSION = YES;
				CLANG_WARN_INT_CONVERSION = YES;
				CLANG_WARN_NON_LITERAL_NULL_CONVERSION = YES;
				CLANG_WARN_OBJC_LITERAL_CONVERSION = YES;
				CLANG_WARN_OBJC_ROOT_CLASS = YES_ERROR;
				CLANG_WARN_RANGE_LOOP_ANALYSIS = YES;
				CLANG_WARN_STRICT_PROTOTYPES = YES;
				CLANG_WARN_SUSPICIOUS_MOVE = YES;
				CLANG_WARN_UNGUARDED_AVAILABILITY = YES_AGGRESSIVE;
				CLANG_WARN_UNREACHABLE_CODE = YES;
				CLANG_WARN__DUPLICATE_METHOD_MATCH = YES;
				CODE_SIGN_IDENTITY = "-";
				COPY_PHASE_STRIP = NO;
				DEBUG_INFORMATION_FORMAT = dwarf;
				ENABLE_STRICT_OBJC_MSGSEND = YES;
				ENABLE_TESTABILITY = YES;
				GCC_C_LANGUAGE_STANDARD = gnu11;
				GCC_DYNAMIC_NO_PIC = NO;
				GCC_NO_COMMON_BLOCKS = YES;
				GCC_OPTIMIZATION_LEVEL = 0;
				GCC_PREPROCESSOR_DEFINITIONS = (
					"DEBUG=1",
					"$(inherited)",
				);
				GCC_WARN_64_TO_32_BIT_CONVERSION = YES;
				GCC_WARN_ABOUT_RETURN_TYPE = YES_ERROR;
				GCC_WARN_UNDECLARED_SELECTOR = YES;
				GCC_WARN_UNINITIALIZED_AUTOS = YES_AGGRESSIVE;
				GCC_WARN_UNUSED_FUNCTION = YES;
				GCC_WARN_UNUSED_VARIABLE = YES;
				MACOSX_DEPLOYMENT_TARGET = 10.13;
				MTL_ENABLE_DEBUG_INFO = YES;
				ONLY_ACTIVE_ARCH = YES;
				SDKROOT = macosx;
			};
			name = Debug;
		};
		00C6948C20FB6D7100296C9A /* Release */ = {
			isa = XCBuildConfiguration;
			buildSettings = {
				ALWAYS_SEARCH_USER_PATHS = NO;
				CLANG_ANALYZER_NONNULL = YES;
				CLANG_ANALYZER_NUMBER_OBJECT_CONVERSION = YES_AGGRESSIVE;
				CLANG_CXX_LANGUAGE_STANDARD = "gnu++14";
				CLANG_CXX_LIBRARY = "libc++";
				CLANG_ENABLE_MODULES = YES;
				CLANG_ENABLE_OBJC_ARC = YES;
				CLANG_WARN_BLOCK_CAPTURE_AUTORELEASING = YES;
				CLANG_WARN_BOOL_CONVERSION = YES;
				CLANG_WARN_COMMA = YES;
				CLANG_WARN_CONSTANT_CONVERSION = YES;
				CLANG_WARN_DIRECT_OBJC_ISA_USAGE = YES_ERROR;
				CLANG_WARN_DOCUMENTATION_COMMENTS = YES;
				CLANG_WARN_EMPTY_BODY = YES;
				CLANG_WARN_ENUM_CONVERSION = YES;
				CLANG_WARN_INFINITE_RECURSION = YES;
				CLANG_WARN_INT_CONVERSION = YES;
				CLANG_WARN_NON_LITERAL_NULL_CONVERSION = YES;
				CLANG_WARN_OBJC_LITERAL_CONVERSION = YES;
				CLANG_WARN_OBJC_ROOT_CLASS = YES_ERROR;
				CLANG_WARN_RANGE_LOOP_ANALYSIS = YES;
				CLANG_WARN_STRICT_PROTOTYPES = YES;
				CLANG_WARN_SUSPICIOUS_MOVE = YES;
				CLANG_WARN_UNGUARDED_AVAILABILITY = YES_AGGRESSIVE;
				CLANG_WARN_UNREACHABLE_CODE = YES;
				CLANG_WARN__DUPLICATE_METHOD_MATCH = YES;
				CODE_SIGN_IDENTITY = "-";
				COPY_PHASE_STRIP = NO;
				DEBUG_INFORMATION_FORMAT = "dwarf-with-dsym";
				ENABLE_NS_ASSERTIONS = NO;
				ENABLE_STRICT_OBJC_MSGSEND = YES;
				GCC_C_LANGUAGE_STANDARD = gnu11;
				GCC_NO_COMMON_BLOCKS = YES;
				GCC_WARN_64_TO_32_BIT_CONVERSION = YES;
				GCC_WARN_ABOUT_RETURN_TYPE = YES_ERROR;
				GCC_WARN_UNDECLARED_SELECTOR = YES;
				GCC_WARN_UNINITIALIZED_AUTOS = YES_AGGRESSIVE;
				GCC_WARN_UNUSED_FUNCTION = YES;
				GCC_WARN_UNUSED_VARIABLE = YES;
				MACOSX_DEPLOYMENT_TARGET = 10.13;
				MTL_ENABLE_DEBUG_INFO = NO;
				SDKROOT = macosx;
			};
			name = Release;
		};
		00C6948E20FB6D7100296C9A /* Debug */ = {
			isa = XCBuildConfiguration;
			buildSettings = {
				CODE_SIGN_STYLE = Automatic;
				GCC_OPTIMIZATION_LEVEL = 2;
				PRODUCT_NAME = "$(TARGET_NAME)";
			};
			name = Debug;
		};
		00C6948F20FB6D7100296C9A /* Release */ = {
			isa = XCBuildConfiguration;
			buildSettings = {
				CODE_SIGN_STYLE = Automatic;
				PRODUCT_NAME = "$(TARGET_NAME)";
			};
			name = Release;
		};
/* End XCBuildConfiguration section */

/* Begin XCConfigurationList section */
		00C6948120FB6D7100296C9A /* Build configuration list for PBXProject "Mem" */ = {
			isa = XCConfigurationList;
			buildConfigurations = (
				00C6948B20FB6D7100296C9A /* Debug */,
				00C6948C20FB6D7100296C9A /* Release */,
			);
			defaultConfigurationIsVisible = 0;
			defaultConfigurationName = Release;
		};
		00C6948D20FB6D7100296C9A /* Build configuration list for PBXNativeTarget "Mem" */ = {
			isa = XCConfigurationList;
			buildConfigurations = (
				00C6948E20FB6D7100296C9A /* Debug */,
				00C6948F20FB6D7100296C9A /* Release */,
			);
			defaultConfigurationIsVisible = 0;
			defaultConfigurationName = Release;
		};
/* End XCConfigurationList section */
	};
	rootObject = 00C6947E20FB6D7100296C9A /* Project object */;
}
